// !$*UTF8*$!
{
	archiveVersion = 1;
	classes = {
	};
	objectVersion = 56;
	objects = {

/* Begin PBXBuildFile section */
		2D58D8C472C8B9821A5CA549 /* Pods_ProjectTemplate_ProjectTemplateUITests.framework in Frameworks */ = {isa = PBXBuildFile; fileRef = 5F54E704A18912BB8D6B5A59 /* Pods_ProjectTemplate_ProjectTemplateUITests.framework */; };
		54399A3C2A8493370088B081 /* BaseCustomView.swift in Sources */ = {isa = PBXBuildFile; fileRef = 54399A3B2A8493370088B081 /* BaseCustomView.swift */; };
		54F7B9E62A847CD5004DFB5F /* AppDelegate.swift in Sources */ = {isa = PBXBuildFile; fileRef = 54F7B9E52A847CD5004DFB5F /* AppDelegate.swift */; };
		54F7B9EA2A847CD5004DFB5F /* ViewController.swift in Sources */ = {isa = PBXBuildFile; fileRef = 54F7B9E92A847CD5004DFB5F /* ViewController.swift */; };
		54F7B9ED2A847CD5004DFB5F /* Main.storyboard in Resources */ = {isa = PBXBuildFile; fileRef = 54F7B9EB2A847CD5004DFB5F /* Main.storyboard */; };
		54F7B9EF2A847CD6004DFB5F /* Assets.xcassets in Resources */ = {isa = PBXBuildFile; fileRef = 54F7B9EE2A847CD6004DFB5F /* Assets.xcassets */; };
		54F7B9F22A847CD6004DFB5F /* LaunchScreen.storyboard in Resources */ = {isa = PBXBuildFile; fileRef = 54F7B9F02A847CD6004DFB5F /* LaunchScreen.storyboard */; };
		54F7B9FD2A847CD7004DFB5F /* ProjectTemplateTests.swift in Sources */ = {isa = PBXBuildFile; fileRef = 54F7B9FC2A847CD7004DFB5F /* ProjectTemplateTests.swift */; };
		54F7BA072A847CD7004DFB5F /* ProjectTemplateUITests.swift in Sources */ = {isa = PBXBuildFile; fileRef = 54F7BA062A847CD7004DFB5F /* ProjectTemplateUITests.swift */; };
		54F7BA092A847CD7004DFB5F /* ProjectTemplateUITestsLaunchTests.swift in Sources */ = {isa = PBXBuildFile; fileRef = 54F7BA082A847CD7004DFB5F /* ProjectTemplateUITestsLaunchTests.swift */; };
		5C62F9BE1A34B408C3F7E718 /* Pods_ProjectTemplate.framework in Frameworks */ = {isa = PBXBuildFile; fileRef = 87CBFF35B8312DE10ACB45A7 /* Pods_ProjectTemplate.framework */; };
		C4D160B0E2E64F674FA2850E /* Pods_ProjectTemplateTests.framework in Frameworks */ = {isa = PBXBuildFile; fileRef = BA1B72ECD08B89EBF62725FB /* Pods_ProjectTemplateTests.framework */; };
/* End PBXBuildFile section */

/* Begin PBXContainerItemProxy section */
		54F7B9F92A847CD7004DFB5F /* PBXContainerItemProxy */ = {
			isa = PBXContainerItemProxy;
			containerPortal = 54F7B9DA2A847CD5004DFB5F /* Project object */;
			proxyType = 1;
			remoteGlobalIDString = 54F7B9E12A847CD5004DFB5F;
			remoteInfo = ProjectTemplate;
		};
		54F7BA032A847CD7004DFB5F /* PBXContainerItemProxy */ = {
			isa = PBXContainerItemProxy;
			containerPortal = 54F7B9DA2A847CD5004DFB5F /* Project object */;
			proxyType = 1;
			remoteGlobalIDString = 54F7B9E12A847CD5004DFB5F;
			remoteInfo = ProjectTemplate;
		};
/* End PBXContainerItemProxy section */

/* Begin PBXFileReference section */
		3825A22736A574BEF88A0FDF /* Pods-ProjectTemplateTests.release.xcconfig */ = {isa = PBXFileReference; includeInIndex = 1; lastKnownFileType = text.xcconfig; name = "Pods-ProjectTemplateTests.release.xcconfig"; path = "Target Support Files/Pods-ProjectTemplateTests/Pods-ProjectTemplateTests.release.xcconfig"; sourceTree = "<group>"; };
		54399A3B2A8493370088B081 /* BaseCustomView.swift */ = {isa = PBXFileReference; lastKnownFileType = sourcecode.swift; path = BaseCustomView.swift; sourceTree = "<group>"; };
		54F7B9E22A847CD5004DFB5F /* ProjectTemplate.app */ = {isa = PBXFileReference; explicitFileType = wrapper.application; includeInIndex = 0; path = ProjectTemplate.app; sourceTree = BUILT_PRODUCTS_DIR; };
		54F7B9E52A847CD5004DFB5F /* AppDelegate.swift */ = {isa = PBXFileReference; lastKnownFileType = sourcecode.swift; path = AppDelegate.swift; sourceTree = "<group>"; };
		54F7B9E92A847CD5004DFB5F /* ViewController.swift */ = {isa = PBXFileReference; lastKnownFileType = sourcecode.swift; path = ViewController.swift; sourceTree = "<group>"; };
		54F7B9EC2A847CD5004DFB5F /* Base */ = {isa = PBXFileReference; lastKnownFileType = file.storyboard; name = Base; path = Base.lproj/Main.storyboard; sourceTree = "<group>"; };
		54F7B9EE2A847CD6004DFB5F /* Assets.xcassets */ = {isa = PBXFileReference; lastKnownFileType = folder.assetcatalog; path = Assets.xcassets; sourceTree = "<group>"; };
		54F7B9F12A847CD6004DFB5F /* Base */ = {isa = PBXFileReference; lastKnownFileType = file.storyboard; name = Base; path = Base.lproj/LaunchScreen.storyboard; sourceTree = "<group>"; };
		54F7B9F32A847CD6004DFB5F /* Info.plist */ = {isa = PBXFileReference; lastKnownFileType = text.plist.xml; path = Info.plist; sourceTree = "<group>"; };
		54F7B9F82A847CD7004DFB5F /* ProjectTemplateTests.xctest */ = {isa = PBXFileReference; explicitFileType = wrapper.cfbundle; includeInIndex = 0; path = ProjectTemplateTests.xctest; sourceTree = BUILT_PRODUCTS_DIR; };
		54F7B9FC2A847CD7004DFB5F /* ProjectTemplateTests.swift */ = {isa = PBXFileReference; lastKnownFileType = sourcecode.swift; path = ProjectTemplateTests.swift; sourceTree = "<group>"; };
		54F7BA022A847CD7004DFB5F /* ProjectTemplateUITests.xctest */ = {isa = PBXFileReference; explicitFileType = wrapper.cfbundle; includeInIndex = 0; path = ProjectTemplateUITests.xctest; sourceTree = BUILT_PRODUCTS_DIR; };
		54F7BA062A847CD7004DFB5F /* ProjectTemplateUITests.swift */ = {isa = PBXFileReference; lastKnownFileType = sourcecode.swift; path = ProjectTemplateUITests.swift; sourceTree = "<group>"; };
		54F7BA082A847CD7004DFB5F /* ProjectTemplateUITestsLaunchTests.swift */ = {isa = PBXFileReference; lastKnownFileType = sourcecode.swift; path = ProjectTemplateUITestsLaunchTests.swift; sourceTree = "<group>"; };
		57C90EF39CC7F5F636C1B95B /* Pods-ProjectTemplate.debug.xcconfig */ = {isa = PBXFileReference; includeInIndex = 1; lastKnownFileType = text.xcconfig; name = "Pods-ProjectTemplate.debug.xcconfig"; path = "Target Support Files/Pods-ProjectTemplate/Pods-ProjectTemplate.debug.xcconfig"; sourceTree = "<group>"; };
		5BC5DA3FF9302FE7F2C4F440 /* Pods-ProjectTemplateTests.debug.xcconfig */ = {isa = PBXFileReference; includeInIndex = 1; lastKnownFileType = text.xcconfig; name = "Pods-ProjectTemplateTests.debug.xcconfig"; path = "Target Support Files/Pods-ProjectTemplateTests/Pods-ProjectTemplateTests.debug.xcconfig"; sourceTree = "<group>"; };
		5F54E704A18912BB8D6B5A59 /* Pods_ProjectTemplate_ProjectTemplateUITests.framework */ = {isa = PBXFileReference; explicitFileType = wrapper.framework; includeInIndex = 0; path = Pods_ProjectTemplate_ProjectTemplateUITests.framework; sourceTree = BUILT_PRODUCTS_DIR; };
		87CBFF35B8312DE10ACB45A7 /* Pods_ProjectTemplate.framework */ = {isa = PBXFileReference; explicitFileType = wrapper.framework; includeInIndex = 0; path = Pods_ProjectTemplate.framework; sourceTree = BUILT_PRODUCTS_DIR; };
		BA1B72ECD08B89EBF62725FB /* Pods_ProjectTemplateTests.framework */ = {isa = PBXFileReference; explicitFileType = wrapper.framework; includeInIndex = 0; path = Pods_ProjectTemplateTests.framework; sourceTree = BUILT_PRODUCTS_DIR; };
		BC0D413EFF8369E01E9E26FD /* Pods-ProjectTemplate-ProjectTemplateUITests.debug.xcconfig */ = {isa = PBXFileReference; includeInIndex = 1; lastKnownFileType = text.xcconfig; name = "Pods-ProjectTemplate-ProjectTemplateUITests.debug.xcconfig"; path = "Target Support Files/Pods-ProjectTemplate-ProjectTemplateUITests/Pods-ProjectTemplate-ProjectTemplateUITests.debug.xcconfig"; sourceTree = "<group>"; };
		EA36DCD30978C06511C00788 /* Pods-ProjectTemplate-ProjectTemplateUITests.release.xcconfig */ = {isa = PBXFileReference; includeInIndex = 1; lastKnownFileType = text.xcconfig; name = "Pods-ProjectTemplate-ProjectTemplateUITests.release.xcconfig"; path = "Target Support Files/Pods-ProjectTemplate-ProjectTemplateUITests/Pods-ProjectTemplate-ProjectTemplateUITests.release.xcconfig"; sourceTree = "<group>"; };
		F69005CB5831C307E5519691 /* Pods-ProjectTemplate.release.xcconfig */ = {isa = PBXFileReference; includeInIndex = 1; lastKnownFileType = text.xcconfig; name = "Pods-ProjectTemplate.release.xcconfig"; path = "Target Support Files/Pods-ProjectTemplate/Pods-ProjectTemplate.release.xcconfig"; sourceTree = "<group>"; };
/* End PBXFileReference section */

/* Begin PBXFrameworksBuildPhase section */
		54F7B9DF2A847CD5004DFB5F /* Frameworks */ = {
			isa = PBXFrameworksBuildPhase;
			buildActionMask = 2147483647;
			files = (
				5C62F9BE1A34B408C3F7E718 /* Pods_ProjectTemplate.framework in Frameworks */,
			);
			runOnlyForDeploymentPostprocessing = 0;
		};
		54F7B9F52A847CD7004DFB5F /* Frameworks */ = {
			isa = PBXFrameworksBuildPhase;
			buildActionMask = 2147483647;
			files = (
				C4D160B0E2E64F674FA2850E /* Pods_ProjectTemplateTests.framework in Frameworks */,
			);
			runOnlyForDeploymentPostprocessing = 0;
		};
		54F7B9FF2A847CD7004DFB5F /* Frameworks */ = {
			isa = PBXFrameworksBuildPhase;
			buildActionMask = 2147483647;
			files = (
				2D58D8C472C8B9821A5CA549 /* Pods_ProjectTemplate_ProjectTemplateUITests.framework in Frameworks */,
			);
			runOnlyForDeploymentPostprocessing = 0;
		};
/* End PBXFrameworksBuildPhase section */

/* Begin PBXGroup section */
		2298105D678A5D410D70899F /* Frameworks */ = {
			isa = PBXGroup;
			children = (
				87CBFF35B8312DE10ACB45A7 /* Pods_ProjectTemplate.framework */,
				5F54E704A18912BB8D6B5A59 /* Pods_ProjectTemplate_ProjectTemplateUITests.framework */,
				BA1B72ECD08B89EBF62725FB /* Pods_ProjectTemplateTests.framework */,
			);
			name = Frameworks;
			sourceTree = "<group>";
		};
		54399A2F2A8491110088B081 /* Common */ = {
			isa = PBXGroup;
			children = (
				54399A392A84930F0088B081 /* UI Component */,
			);
			path = Common;
			sourceTree = "<group>";
		};
		54399A302A8491220088B081 /* Data */ = {
			isa = PBXGroup;
			children = (
			);
			path = Data;
			sourceTree = "<group>";
		};
		54399A312A84912B0088B081 /* Resources */ = {
			isa = PBXGroup;
			children = (
			);
			path = Resources;
			sourceTree = "<group>";
		};
		54399A322A8491330088B081 /* View Models */ = {
			isa = PBXGroup;
			children = (
			);
			path = "View Models";
			sourceTree = "<group>";
		};
		54399A332A84913C0088B081 /* Views */ = {
			isa = PBXGroup;
			children = (
			);
			path = Views;
			sourceTree = "<group>";
		};
		54399A392A84930F0088B081 /* UI Component */ = {
			isa = PBXGroup;
			children = (
				54399A3A2A8493230088B081 /* Helpers */,
			);
			path = "UI Component";
			sourceTree = "<group>";
		};
		54399A3A2A8493230088B081 /* Helpers */ = {
			isa = PBXGroup;
			children = (
				54399A3B2A8493370088B081 /* BaseCustomView.swift */,
			);
			path = Helpers;
			sourceTree = "<group>";
		};
		54F7B9D92A847CD5004DFB5F = {
			isa = PBXGroup;
			children = (
				54F7B9E42A847CD5004DFB5F /* ProjectTemplate */,
				54F7B9FB2A847CD7004DFB5F /* ProjectTemplateTests */,
				54F7BA052A847CD7004DFB5F /* ProjectTemplateUITests */,
				54F7B9E32A847CD5004DFB5F /* Products */,
				FD4EBF922EBEBD0C0479B8F2 /* Pods */,
				2298105D678A5D410D70899F /* Frameworks */,
			);
			sourceTree = "<group>";
		};
		54F7B9E32A847CD5004DFB5F /* Products */ = {
			isa = PBXGroup;
			children = (
				54F7B9E22A847CD5004DFB5F /* ProjectTemplate.app */,
				54F7B9F82A847CD7004DFB5F /* ProjectTemplateTests.xctest */,
				54F7BA022A847CD7004DFB5F /* ProjectTemplateUITests.xctest */,
			);
			name = Products;
			sourceTree = "<group>";
		};
		54F7B9E42A847CD5004DFB5F /* ProjectTemplate */ = {
			isa = PBXGroup;
			children = (
				54F7B9E52A847CD5004DFB5F /* AppDelegate.swift */,
				54399A2F2A8491110088B081 /* Common */,
				54399A302A8491220088B081 /* Data */,
				54399A312A84912B0088B081 /* Resources */,
				54399A322A8491330088B081 /* View Models */,
				54399A332A84913C0088B081 /* Views */,
				54F7B9E92A847CD5004DFB5F /* ViewController.swift */,
				54F7B9EB2A847CD5004DFB5F /* Main.storyboard */,
				54F7B9EE2A847CD6004DFB5F /* Assets.xcassets */,
				54F7B9F02A847CD6004DFB5F /* LaunchScreen.storyboard */,
				54F7B9F32A847CD6004DFB5F /* Info.plist */,
			);
			path = ProjectTemplate;
			sourceTree = "<group>";
		};
		54F7B9FB2A847CD7004DFB5F /* ProjectTemplateTests */ = {
			isa = PBXGroup;
			children = (
				54F7B9FC2A847CD7004DFB5F /* ProjectTemplateTests.swift */,
			);
			path = ProjectTemplateTests;
			sourceTree = "<group>";
		};
		54F7BA052A847CD7004DFB5F /* ProjectTemplateUITests */ = {
			isa = PBXGroup;
			children = (
				54F7BA062A847CD7004DFB5F /* ProjectTemplateUITests.swift */,
				54F7BA082A847CD7004DFB5F /* ProjectTemplateUITestsLaunchTests.swift */,
			);
			path = ProjectTemplateUITests;
			sourceTree = "<group>";
		};
		FD4EBF922EBEBD0C0479B8F2 /* Pods */ = {
			isa = PBXGroup;
			children = (
				57C90EF39CC7F5F636C1B95B /* Pods-ProjectTemplate.debug.xcconfig */,
				F69005CB5831C307E5519691 /* Pods-ProjectTemplate.release.xcconfig */,
				BC0D413EFF8369E01E9E26FD /* Pods-ProjectTemplate-ProjectTemplateUITests.debug.xcconfig */,
				EA36DCD30978C06511C00788 /* Pods-ProjectTemplate-ProjectTemplateUITests.release.xcconfig */,
				5BC5DA3FF9302FE7F2C4F440 /* Pods-ProjectTemplateTests.debug.xcconfig */,
				3825A22736A574BEF88A0FDF /* Pods-ProjectTemplateTests.release.xcconfig */,
			);
			path = Pods;
			sourceTree = "<group>";
		};
/* End PBXGroup section */

/* Begin PBXNativeTarget section */
		54F7B9E12A847CD5004DFB5F /* ProjectTemplate */ = {
			isa = PBXNativeTarget;
			buildConfigurationList = 54F7BA0C2A847CD7004DFB5F /* Build configuration list for PBXNativeTarget "ProjectTemplate" */;
			buildPhases = (
				69359641776AE8A62B86B70A /* [CP] Check Pods Manifest.lock */,
				54F7B9DE2A847CD5004DFB5F /* Sources */,
				54F7B9DF2A847CD5004DFB5F /* Frameworks */,
				54F7B9E02A847CD5004DFB5F /* Resources */,
				95F76527BC063D44AF3DB99C /* [CP] Embed Pods Frameworks */,
			);
			buildRules = (
			);
			dependencies = (
			);
			name = ProjectTemplate;
			productName = ProjectTemplate;
			productReference = 54F7B9E22A847CD5004DFB5F /* ProjectTemplate.app */;
			productType = "com.apple.product-type.application";
		};
		54F7B9F72A847CD7004DFB5F /* ProjectTemplateTests */ = {
			isa = PBXNativeTarget;
			buildConfigurationList = 54F7BA0F2A847CD7004DFB5F /* Build configuration list for PBXNativeTarget "ProjectTemplateTests" */;
			buildPhases = (
				1C87B9F7657FFC165A5C1C2B /* [CP] Check Pods Manifest.lock */,
				54F7B9F42A847CD7004DFB5F /* Sources */,
				54F7B9F52A847CD7004DFB5F /* Frameworks */,
				54F7B9F62A847CD7004DFB5F /* Resources */,
			);
			buildRules = (
			);
			dependencies = (
				54F7B9FA2A847CD7004DFB5F /* PBXTargetDependency */,
			);
			name = ProjectTemplateTests;
			productName = ProjectTemplateTests;
			productReference = 54F7B9F82A847CD7004DFB5F /* ProjectTemplateTests.xctest */;
			productType = "com.apple.product-type.bundle.unit-test";
		};
		54F7BA012A847CD7004DFB5F /* ProjectTemplateUITests */ = {
			isa = PBXNativeTarget;
			buildConfigurationList = 54F7BA122A847CD7004DFB5F /* Build configuration list for PBXNativeTarget "ProjectTemplateUITests" */;
			buildPhases = (
				00C80D27703E9B6C0C01C41E /* [CP] Check Pods Manifest.lock */,
				54F7B9FE2A847CD7004DFB5F /* Sources */,
				54F7B9FF2A847CD7004DFB5F /* Frameworks */,
				54F7BA002A847CD7004DFB5F /* Resources */,
				3745ABC5E5AEEADBD85C6A4F /* [CP] Embed Pods Frameworks */,
			);
			buildRules = (
			);
			dependencies = (
				54F7BA042A847CD7004DFB5F /* PBXTargetDependency */,
			);
			name = ProjectTemplateUITests;
			productName = ProjectTemplateUITests;
			productReference = 54F7BA022A847CD7004DFB5F /* ProjectTemplateUITests.xctest */;
			productType = "com.apple.product-type.bundle.ui-testing";
		};
/* End PBXNativeTarget section */

/* Begin PBXProject section */
		54F7B9DA2A847CD5004DFB5F /* Project object */ = {
			isa = PBXProject;
			attributes = {
				BuildIndependentTargetsInParallel = 1;
				LastSwiftUpdateCheck = 1430;
				LastUpgradeCheck = 1430;
				TargetAttributes = {
					54F7B9E12A847CD5004DFB5F = {
						CreatedOnToolsVersion = 14.3.1;
					};
					54F7B9F72A847CD7004DFB5F = {
						CreatedOnToolsVersion = 14.3.1;
						TestTargetID = 54F7B9E12A847CD5004DFB5F;
					};
					54F7BA012A847CD7004DFB5F = {
						CreatedOnToolsVersion = 14.3.1;
						TestTargetID = 54F7B9E12A847CD5004DFB5F;
					};
				};
			};
			buildConfigurationList = 54F7B9DD2A847CD5004DFB5F /* Build configuration list for PBXProject "ProjectTemplate" */;
			compatibilityVersion = "Xcode 14.0";
			developmentRegion = en;
			hasScannedForEncodings = 0;
			knownRegions = (
				en,
				Base,
			);
			mainGroup = 54F7B9D92A847CD5004DFB5F;
			productRefGroup = 54F7B9E32A847CD5004DFB5F /* Products */;
			projectDirPath = "";
			projectRoot = "";
			targets = (
				54F7B9E12A847CD5004DFB5F /* ProjectTemplate */,
				54F7B9F72A847CD7004DFB5F /* ProjectTemplateTests */,
				54F7BA012A847CD7004DFB5F /* ProjectTemplateUITests */,
			);
		};
/* End PBXProject section */

/* Begin PBXResourcesBuildPhase section */
		54F7B9E02A847CD5004DFB5F /* Resources */ = {
			isa = PBXResourcesBuildPhase;
			buildActionMask = 2147483647;
			files = (
				54F7B9F22A847CD6004DFB5F /* LaunchScreen.storyboard in Resources */,
				54F7B9EF2A847CD6004DFB5F /* Assets.xcassets in Resources */,
				54F7B9ED2A847CD5004DFB5F /* Main.storyboard in Resources */,
			);
			runOnlyForDeploymentPostprocessing = 0;
		};
		54F7B9F62A847CD7004DFB5F /* Resources */ = {
			isa = PBXResourcesBuildPhase;
			buildActionMask = 2147483647;
			files = (
			);
			runOnlyForDeploymentPostprocessing = 0;
		};
		54F7BA002A847CD7004DFB5F /* Resources */ = {
			isa = PBXResourcesBuildPhase;
			buildActionMask = 2147483647;
			files = (
			);
			runOnlyForDeploymentPostprocessing = 0;
		};
/* End PBXResourcesBuildPhase section */

/* Begin PBXShellScriptBuildPhase section */
		00C80D27703E9B6C0C01C41E /* [CP] Check Pods Manifest.lock */ = {
			isa = PBXShellScriptBuildPhase;
			buildActionMask = 2147483647;
			files = (
			);
			inputFileListPaths = (
			);
			inputPaths = (
				"${PODS_PODFILE_DIR_PATH}/Podfile.lock",
				"${PODS_ROOT}/Manifest.lock",
			);
			name = "[CP] Check Pods Manifest.lock";
			outputFileListPaths = (
			);
			outputPaths = (
				"$(DERIVED_FILE_DIR)/Pods-ProjectTemplate-ProjectTemplateUITests-checkManifestLockResult.txt",
			);
			runOnlyForDeploymentPostprocessing = 0;
			shellPath = /bin/sh;
			shellScript = "diff \"${PODS_PODFILE_DIR_PATH}/Podfile.lock\" \"${PODS_ROOT}/Manifest.lock\" > /dev/null\nif [ $? != 0 ] ; then\n    # print error to STDERR\n    echo \"error: The sandbox is not in sync with the Podfile.lock. Run 'pod install' or update your CocoaPods installation.\" >&2\n    exit 1\nfi\n# This output is used by Xcode 'outputs' to avoid re-running this script phase.\necho \"SUCCESS\" > \"${SCRIPT_OUTPUT_FILE_0}\"\n";
			showEnvVarsInLog = 0;
		};
		1C87B9F7657FFC165A5C1C2B /* [CP] Check Pods Manifest.lock */ = {
			isa = PBXShellScriptBuildPhase;
			buildActionMask = 2147483647;
			files = (
			);
			inputFileListPaths = (
			);
			inputPaths = (
				"${PODS_PODFILE_DIR_PATH}/Podfile.lock",
				"${PODS_ROOT}/Manifest.lock",
			);
			name = "[CP] Check Pods Manifest.lock";
			outputFileListPaths = (
			);
			outputPaths = (
				"$(DERIVED_FILE_DIR)/Pods-ProjectTemplateTests-checkManifestLockResult.txt",
			);
			runOnlyForDeploymentPostprocessing = 0;
			shellPath = /bin/sh;
			shellScript = "diff \"${PODS_PODFILE_DIR_PATH}/Podfile.lock\" \"${PODS_ROOT}/Manifest.lock\" > /dev/null\nif [ $? != 0 ] ; then\n    # print error to STDERR\n    echo \"error: The sandbox is not in sync with the Podfile.lock. Run 'pod install' or update your CocoaPods installation.\" >&2\n    exit 1\nfi\n# This output is used by Xcode 'outputs' to avoid re-running this script phase.\necho \"SUCCESS\" > \"${SCRIPT_OUTPUT_FILE_0}\"\n";
			showEnvVarsInLog = 0;
		};
		3745ABC5E5AEEADBD85C6A4F /* [CP] Embed Pods Frameworks */ = {
			isa = PBXShellScriptBuildPhase;
			buildActionMask = 2147483647;
			files = (
			);
			inputFileListPaths = (
				"${PODS_ROOT}/Target Support Files/Pods-ProjectTemplate-ProjectTemplateUITests/Pods-ProjectTemplate-ProjectTemplateUITests-frameworks-${CONFIGURATION}-input-files.xcfilelist",
			);
			name = "[CP] Embed Pods Frameworks";
			outputFileListPaths = (
				"${PODS_ROOT}/Target Support Files/Pods-ProjectTemplate-ProjectTemplateUITests/Pods-ProjectTemplate-ProjectTemplateUITests-frameworks-${CONFIGURATION}-output-files.xcfilelist",
			);
			runOnlyForDeploymentPostprocessing = 0;
			shellPath = /bin/sh;
			shellScript = "\"${PODS_ROOT}/Target Support Files/Pods-ProjectTemplate-ProjectTemplateUITests/Pods-ProjectTemplate-ProjectTemplateUITests-frameworks.sh\"\n";
			showEnvVarsInLog = 0;
		};
		69359641776AE8A62B86B70A /* [CP] Check Pods Manifest.lock */ = {
			isa = PBXShellScriptBuildPhase;
			buildActionMask = 2147483647;
			files = (
			);
			inputFileListPaths = (
			);
			inputPaths = (
				"${PODS_PODFILE_DIR_PATH}/Podfile.lock",
				"${PODS_ROOT}/Manifest.lock",
			);
			name = "[CP] Check Pods Manifest.lock";
			outputFileListPaths = (
			);
			outputPaths = (
				"$(DERIVED_FILE_DIR)/Pods-ProjectTemplate-checkManifestLockResult.txt",
			);
			runOnlyForDeploymentPostprocessing = 0;
			shellPath = /bin/sh;
			shellScript = "diff \"${PODS_PODFILE_DIR_PATH}/Podfile.lock\" \"${PODS_ROOT}/Manifest.lock\" > /dev/null\nif [ $? != 0 ] ; then\n    # print error to STDERR\n    echo \"error: The sandbox is not in sync with the Podfile.lock. Run 'pod install' or update your CocoaPods installation.\" >&2\n    exit 1\nfi\n# This output is used by Xcode 'outputs' to avoid re-running this script phase.\necho \"SUCCESS\" > \"${SCRIPT_OUTPUT_FILE_0}\"\n";
			showEnvVarsInLog = 0;
		};
		95F76527BC063D44AF3DB99C /* [CP] Embed Pods Frameworks */ = {
			isa = PBXShellScriptBuildPhase;
			buildActionMask = 2147483647;
			files = (
			);
			inputFileListPaths = (
				"${PODS_ROOT}/Target Support Files/Pods-ProjectTemplate/Pods-ProjectTemplate-frameworks-${CONFIGURATION}-input-files.xcfilelist",
			);
			name = "[CP] Embed Pods Frameworks";
			outputFileListPaths = (
				"${PODS_ROOT}/Target Support Files/Pods-ProjectTemplate/Pods-ProjectTemplate-frameworks-${CONFIGURATION}-output-files.xcfilelist",
			);
			runOnlyForDeploymentPostprocessing = 0;
			shellPath = /bin/sh;
			shellScript = "\"${PODS_ROOT}/Target Support Files/Pods-ProjectTemplate/Pods-ProjectTemplate-frameworks.sh\"\n";
			showEnvVarsInLog = 0;
		};
/* End PBXShellScriptBuildPhase section */

/* Begin PBXSourcesBuildPhase section */
		54F7B9DE2A847CD5004DFB5F /* Sources */ = {
			isa = PBXSourcesBuildPhase;
			buildActionMask = 2147483647;
			files = (
				54F7B9EA2A847CD5004DFB5F /* ViewController.swift in Sources */,
				54F7B9E62A847CD5004DFB5F /* AppDelegate.swift in Sources */,
				54399A3C2A8493370088B081 /* BaseCustomView.swift in Sources */,
			);
			runOnlyForDeploymentPostprocessing = 0;
		};
		54F7B9F42A847CD7004DFB5F /* Sources */ = {
			isa = PBXSourcesBuildPhase;
			buildActionMask = 2147483647;
			files = (
				54F7B9FD2A847CD7004DFB5F /* ProjectTemplateTests.swift in Sources */,
			);
			runOnlyForDeploymentPostprocessing = 0;
		};
		54F7B9FE2A847CD7004DFB5F /* Sources */ = {
			isa = PBXSourcesBuildPhase;
			buildActionMask = 2147483647;
			files = (
				54F7BA092A847CD7004DFB5F /* ProjectTemplateUITestsLaunchTests.swift in Sources */,
				54F7BA072A847CD7004DFB5F /* ProjectTemplateUITests.swift in Sources */,
			);
			runOnlyForDeploymentPostprocessing = 0;
		};
/* End PBXSourcesBuildPhase section */

/* Begin PBXTargetDependency section */
		54F7B9FA2A847CD7004DFB5F /* PBXTargetDependency */ = {
			isa = PBXTargetDependency;
			target = 54F7B9E12A847CD5004DFB5F /* ProjectTemplate */;
			targetProxy = 54F7B9F92A847CD7004DFB5F /* PBXContainerItemProxy */;
		};
		54F7BA042A847CD7004DFB5F /* PBXTargetDependency */ = {
			isa = PBXTargetDependency;
			target = 54F7B9E12A847CD5004DFB5F /* ProjectTemplate */;
			targetProxy = 54F7BA032A847CD7004DFB5F /* PBXContainerItemProxy */;
		};
/* End PBXTargetDependency section */

/* Begin PBXVariantGroup section */
		54F7B9EB2A847CD5004DFB5F /* Main.storyboard */ = {
			isa = PBXVariantGroup;
			children = (
				54F7B9EC2A847CD5004DFB5F /* Base */,
			);
			name = Main.storyboard;
			sourceTree = "<group>";
		};
		54F7B9F02A847CD6004DFB5F /* LaunchScreen.storyboard */ = {
			isa = PBXVariantGroup;
			children = (
				54F7B9F12A847CD6004DFB5F /* Base */,
			);
			name = LaunchScreen.storyboard;
			sourceTree = "<group>";
		};
/* End PBXVariantGroup section */

/* Begin XCBuildConfiguration section */
		54F7BA0A2A847CD7004DFB5F /* Debug */ = {
			isa = XCBuildConfiguration;
			buildSettings = {
				ALWAYS_SEARCH_USER_PATHS = NO;
				CLANG_ANALYZER_NONNULL = YES;
				CLANG_ANALYZER_NUMBER_OBJECT_CONVERSION = YES_AGGRESSIVE;
				CLANG_CXX_LANGUAGE_STANDARD = "gnu++20";
				CLANG_ENABLE_MODULES = YES;
				CLANG_ENABLE_OBJC_ARC = YES;
				CLANG_ENABLE_OBJC_WEAK = YES;
				CLANG_WARN_BLOCK_CAPTURE_AUTORELEASING = YES;
				CLANG_WARN_BOOL_CONVERSION = YES;
				CLANG_WARN_COMMA = YES;
				CLANG_WARN_CONSTANT_CONVERSION = YES;
				CLANG_WARN_DEPRECATED_OBJC_IMPLEMENTATIONS = YES;
				CLANG_WARN_DIRECT_OBJC_ISA_USAGE = YES_ERROR;
				CLANG_WARN_DOCUMENTATION_COMMENTS = YES;
				CLANG_WARN_EMPTY_BODY = YES;
				CLANG_WARN_ENUM_CONVERSION = YES;
				CLANG_WARN_INFINITE_RECURSION = YES;
				CLANG_WARN_INT_CONVERSION = YES;
				CLANG_WARN_NON_LITERAL_NULL_CONVERSION = YES;
				CLANG_WARN_OBJC_IMPLICIT_RETAIN_SELF = YES;
				CLANG_WARN_OBJC_LITERAL_CONVERSION = YES;
				CLANG_WARN_OBJC_ROOT_CLASS = YES_ERROR;
				CLANG_WARN_QUOTED_INCLUDE_IN_FRAMEWORK_HEADER = YES;
				CLANG_WARN_RANGE_LOOP_ANALYSIS = YES;
				CLANG_WARN_STRICT_PROTOTYPES = YES;
				CLANG_WARN_SUSPICIOUS_MOVE = YES;
				CLANG_WARN_UNGUARDED_AVAILABILITY = YES_AGGRESSIVE;
				CLANG_WARN_UNREACHABLE_CODE = YES;
				CLANG_WARN__DUPLICATE_METHOD_MATCH = YES;
				COPY_PHASE_STRIP = NO;
				DEBUG_INFORMATION_FORMAT = dwarf;
				ENABLE_STRICT_OBJC_MSGSEND = YES;
				ENABLE_TESTABILITY = YES;
				GCC_C_LANGUAGE_STANDARD = gnu11;
				GCC_DYNAMIC_NO_PIC = NO;
				GCC_NO_COMMON_BLOCKS = YES;
				GCC_OPTIMIZATION_LEVEL = 0;
				GCC_PREPROCESSOR_DEFINITIONS = (
					"DEBUG=1",
					"$(inherited)",
				);
				GCC_WARN_64_TO_32_BIT_CONVERSION = YES;
				GCC_WARN_ABOUT_RETURN_TYPE = YES_ERROR;
				GCC_WARN_UNDECLARED_SELECTOR = YES;
				GCC_WARN_UNINITIALIZED_AUTOS = YES_AGGRESSIVE;
				GCC_WARN_UNUSED_FUNCTION = YES;
				GCC_WARN_UNUSED_VARIABLE = YES;
				IPHONEOS_DEPLOYMENT_TARGET = 16.4;
				MTL_ENABLE_DEBUG_INFO = INCLUDE_SOURCE;
				MTL_FAST_MATH = YES;
				ONLY_ACTIVE_ARCH = YES;
				SDKROOT = iphoneos;
				SWIFT_ACTIVE_COMPILATION_CONDITIONS = DEBUG;
				SWIFT_OPTIMIZATION_LEVEL = "-Onone";
			};
			name = Debug;
		};
		54F7BA0B2A847CD7004DFB5F /* Release */ = {
			isa = XCBuildConfiguration;
			buildSettings = {
				ALWAYS_SEARCH_USER_PATHS = NO;
				CLANG_ANALYZER_NONNULL = YES;
				CLANG_ANALYZER_NUMBER_OBJECT_CONVERSION = YES_AGGRESSIVE;
				CLANG_CXX_LANGUAGE_STANDARD = "gnu++20";
				CLANG_ENABLE_MODULES = YES;
				CLANG_ENABLE_OBJC_ARC = YES;
				CLANG_ENABLE_OBJC_WEAK = YES;
				CLANG_WARN_BLOCK_CAPTURE_AUTORELEASING = YES;
				CLANG_WARN_BOOL_CONVERSION = YES;
				CLANG_WARN_COMMA = YES;
				CLANG_WARN_CONSTANT_CONVERSION = YES;
				CLANG_WARN_DEPRECATED_OBJC_IMPLEMENTATIONS = YES;
				CLANG_WARN_DIRECT_OBJC_ISA_USAGE = YES_ERROR;
				CLANG_WARN_DOCUMENTATION_COMMENTS = YES;
				CLANG_WARN_EMPTY_BODY = YES;
				CLANG_WARN_ENUM_CONVERSION = YES;
				CLANG_WARN_INFINITE_RECURSION = YES;
				CLANG_WARN_INT_CONVERSION = YES;
				CLANG_WARN_NON_LITERAL_NULL_CONVERSION = YES;
				CLANG_WARN_OBJC_IMPLICIT_RETAIN_SELF = YES;
				CLANG_WARN_OBJC_LITERAL_CONVERSION = YES;
				CLANG_WARN_OBJC_ROOT_CLASS = YES_ERROR;
				CLANG_WARN_QUOTED_INCLUDE_IN_FRAMEWORK_HEADER = YES;
				CLANG_WARN_RANGE_LOOP_ANALYSIS = YES;
				CLANG_WARN_STRICT_PROTOTYPES = YES;
				CLANG_WARN_SUSPICIOUS_MOVE = YES;
				CLANG_WARN_UNGUARDED_AVAILABILITY = YES_AGGRESSIVE;
				CLANG_WARN_UNREACHABLE_CODE = YES;
				CLANG_WARN__DUPLICATE_METHOD_MATCH = YES;
				COPY_PHASE_STRIP = NO;
				DEBUG_INFORMATION_FORMAT = "dwarf-with-dsym";
				ENABLE_NS_ASSERTIONS = NO;
				ENABLE_STRICT_OBJC_MSGSEND = YES;
				GCC_C_LANGUAGE_STANDARD = gnu11;
				GCC_NO_COMMON_BLOCKS = YES;
				GCC_WARN_64_TO_32_BIT_CONVERSION = YES;
				GCC_WARN_ABOUT_RETURN_TYPE = YES_ERROR;
				GCC_WARN_UNDECLARED_SELECTOR = YES;
				GCC_WARN_UNINITIALIZED_AUTOS = YES_AGGRESSIVE;
				GCC_WARN_UNUSED_FUNCTION = YES;
				GCC_WARN_UNUSED_VARIABLE = YES;
				IPHONEOS_DEPLOYMENT_TARGET = 16.4;
				MTL_ENABLE_DEBUG_INFO = NO;
				MTL_FAST_MATH = YES;
				SDKROOT = iphoneos;
				SWIFT_COMPILATION_MODE = wholemodule;
				SWIFT_OPTIMIZATION_LEVEL = "-O";
				VALIDATE_PRODUCT = YES;
			};
			name = Release;
		};
		54F7BA0D2A847CD7004DFB5F /* Debug */ = {
			isa = XCBuildConfiguration;
			baseConfigurationReference = 57C90EF39CC7F5F636C1B95B /* Pods-ProjectTemplate.debug.xcconfig */;
			buildSettings = {
				ASSETCATALOG_COMPILER_APPICON_NAME = AppIcon;
				ASSETCATALOG_COMPILER_GLOBAL_ACCENT_COLOR_NAME = AccentColor;
				CODE_SIGN_STYLE = Automatic;
				CURRENT_PROJECT_VERSION = 1;
				DEVELOPMENT_TEAM = MGKUJRGM26;
				GENERATE_INFOPLIST_FILE = YES;
				INFOPLIST_FILE = ProjectTemplate/Info.plist;
				INFOPLIST_KEY_UIApplicationSupportsIndirectInputEvents = YES;
				INFOPLIST_KEY_UILaunchStoryboardName = LaunchScreen;
				INFOPLIST_KEY_UIMainStoryboardFile = Main;
				INFOPLIST_KEY_UISupportedInterfaceOrientations_iPad = "UIInterfaceOrientationPortrait UIInterfaceOrientationPortraitUpsideDown UIInterfaceOrientationLandscapeLeft UIInterfaceOrientationLandscapeRight";
				INFOPLIST_KEY_UISupportedInterfaceOrientations_iPhone = "UIInterfaceOrientationPortrait UIInterfaceOrientationLandscapeLeft UIInterfaceOrientationLandscapeRight";
				IPHONEOS_DEPLOYMENT_TARGET = 13.0;
				LD_RUNPATH_SEARCH_PATHS = (
					"$(inherited)",
					"@executable_path/Frameworks",
				);
				MARKETING_VERSION = 1.0;
				PRODUCT_BUNDLE_IDENTIFIER = com.mauldyputra.ProjectTemplate;
				PRODUCT_NAME = "$(TARGET_NAME)";
				SWIFT_EMIT_LOC_STRINGS = YES;
				SWIFT_VERSION = 5.0;
				TARGETED_DEVICE_FAMILY = "1,2";
			};
			name = Debug;
		};
		54F7BA0E2A847CD7004DFB5F /* Release */ = {
			isa = XCBuildConfiguration;
			baseConfigurationReference = F69005CB5831C307E5519691 /* Pods-ProjectTemplate.release.xcconfig */;
			buildSettings = {
				ASSETCATALOG_COMPILER_APPICON_NAME = AppIcon;
				ASSETCATALOG_COMPILER_GLOBAL_ACCENT_COLOR_NAME = AccentColor;
				CODE_SIGN_STYLE = Automatic;
				CURRENT_PROJECT_VERSION = 1;
				DEVELOPMENT_TEAM = MGKUJRGM26;
				GENERATE_INFOPLIST_FILE = YES;
				INFOPLIST_FILE = ProjectTemplate/Info.plist;
				INFOPLIST_KEY_UIApplicationSupportsIndirectInputEvents = YES;
				INFOPLIST_KEY_UILaunchStoryboardName = LaunchScreen;
				INFOPLIST_KEY_UIMainStoryboardFile = Main;
				INFOPLIST_KEY_UISupportedInterfaceOrientations_iPad = "UIInterfaceOrientationPortrait UIInterfaceOrientationPortraitUpsideDown UIInterfaceOrientationLandscapeLeft UIInterfaceOrientationLandscapeRight";
				INFOPLIST_KEY_UISupportedInterfaceOrientations_iPhone = "UIInterfaceOrientationPortrait UIInterfaceOrientationLandscapeLeft UIInterfaceOrientationLandscapeRight";
				IPHONEOS_DEPLOYMENT_TARGET = 13.0;
				LD_RUNPATH_SEARCH_PATHS = (
					"$(inherited)",
					"@executable_path/Frameworks",
				);
				MARKETING_VERSION = 1.0;
				PRODUCT_BUNDLE_IDENTIFIER = com.mauldyputra.ProjectTemplate;
				PRODUCT_NAME = "$(TARGET_NAME)";
				SWIFT_EMIT_LOC_STRINGS = YES;
				SWIFT_VERSION = 5.0;
				TARGETED_DEVICE_FAMILY = "1,2";
			};
			name = Release;
		};
		54F7BA102A847CD7004DFB5F /* Debug */ = {
			isa = XCBuildConfiguration;
			baseConfigurationReference = 5BC5DA3FF9302FE7F2C4F440 /* Pods-ProjectTemplateTests.debug.xcconfig */;
			buildSettings = {
				ALWAYS_EMBED_SWIFT_STANDARD_LIBRARIES = YES;
				BUNDLE_LOADER = "$(TEST_HOST)";
				CODE_SIGN_STYLE = Automatic;
				CURRENT_PROJECT_VERSION = 1;
				DEVELOPMENT_TEAM = MGKUJRGM26;
				GENERATE_INFOPLIST_FILE = YES;
				IPHONEOS_DEPLOYMENT_TARGET = 16.4;
				MARKETING_VERSION = 1.0;
				PRODUCT_BUNDLE_IDENTIFIER = com.mauldyputra.ProjectTemplateTests;
				PRODUCT_NAME = "$(TARGET_NAME)";
				SWIFT_EMIT_LOC_STRINGS = NO;
				SWIFT_VERSION = 5.0;
				TARGETED_DEVICE_FAMILY = "1,2";
				TEST_HOST = "$(BUILT_PRODUCTS_DIR)/ProjectTemplate.app/$(BUNDLE_EXECUTABLE_FOLDER_PATH)/ProjectTemplate";
			};
			name = Debug;
		};
		54F7BA112A847CD7004DFB5F /* Release */ = {
			isa = XCBuildConfiguration;
			baseConfigurationReference = 3825A22736A574BEF88A0FDF /* Pods-ProjectTemplateTests.release.xcconfig */;
			buildSettings = {
				ALWAYS_EMBED_SWIFT_STANDARD_LIBRARIES = YES;
				BUNDLE_LOADER = "$(TEST_HOST)";
				CODE_SIGN_STYLE = Automatic;
				CURRENT_PROJECT_VERSION = 1;
				DEVELOPMENT_TEAM = MGKUJRGM26;
				GENERATE_INFOPLIST_FILE = YES;
				IPHONEOS_DEPLOYMENT_TARGET = 16.4;
				MARKETING_VERSION = 1.0;
				PRODUCT_BUNDLE_IDENTIFIER = com.mauldyputra.ProjectTemplateTests;
				PRODUCT_NAME = "$(TARGET_NAME)";
				SWIFT_EMIT_LOC_STRINGS = NO;
				SWIFT_VERSION = 5.0;
				TARGETED_DEVICE_FAMILY = "1,2";
				TEST_HOST = "$(BUILT_PRODUCTS_DIR)/ProjectTemplate.app/$(BUNDLE_EXECUTABLE_FOLDER_PATH)/ProjectTemplate";
			};
			name = Release;
		};
		54F7BA132A847CD7004DFB5F /* Debug */ = {
			isa = XCBuildConfiguration;
			baseConfigurationReference = BC0D413EFF8369E01E9E26FD /* Pods-ProjectTemplate-ProjectTemplateUITests.debug.xcconfig */;
			buildSettings = {
				ALWAYS_EMBED_SWIFT_STANDARD_LIBRARIES = YES;
				CODE_SIGN_STYLE = Automatic;
				CURRENT_PROJECT_VERSION = 1;
				DEVELOPMENT_TEAM = MGKUJRGM26;
				GENERATE_INFOPLIST_FILE = YES;
				MARKETING_VERSION = 1.0;
				PRODUCT_BUNDLE_IDENTIFIER = com.mauldyputra.ProjectTemplateUITests;
				PRODUCT_NAME = "$(TARGET_NAME)";
				SWIFT_EMIT_LOC_STRINGS = NO;
				SWIFT_VERSION = 5.0;
				TARGETED_DEVICE_FAMILY = "1,2";
				TEST_TARGET_NAME = ProjectTemplate;
			};
			name = Debug;
		};
		54F7BA142A847CD7004DFB5F /* Release */ = {
			isa = XCBuildConfiguration;
			baseConfigurationReference = EA36DCD30978C06511C00788 /* Pods-ProjectTemplate-ProjectTemplateUITests.release.xcconfig */;
			buildSettings = {
				ALWAYS_EMBED_SWIFT_STANDARD_LIBRARIES = YES;
				CODE_SIGN_STYLE = Automatic;
				CURRENT_PROJECT_VERSION = 1;
				DEVELOPMENT_TEAM = MGKUJRGM26;
				GENERATE_INFOPLIST_FILE = YES;
				MARKETING_VERSION = 1.0;
				PRODUCT_BUNDLE_IDENTIFIER = com.mauldyputra.ProjectTemplateUITests;
				PRODUCT_NAME = "$(TARGET_NAME)";
				SWIFT_EMIT_LOC_STRINGS = NO;
				SWIFT_VERSION = 5.0;
				TARGETED_DEVICE_FAMILY = "1,2";
				TEST_TARGET_NAME = ProjectTemplate;
			};
			name = Release;
		};
/* End XCBuildConfiguration section */

/* Begin XCConfigurationList section */
		54F7B9DD2A847CD5004DFB5F /* Build configuration list for PBXProject "ProjectTemplate" */ = {
			isa = XCConfigurationList;
			buildConfigurations = (
				54F7BA0A2A847CD7004DFB5F /* Debug */,
				54F7BA0B2A847CD7004DFB5F /* Release */,
			);
			defaultConfigurationIsVisible = 0;
			defaultConfigurationName = Release;
		};
		54F7BA0C2A847CD7004DFB5F /* Build configuration list for PBXNativeTarget "ProjectTemplate" */ = {
			isa = XCConfigurationList;
			buildConfigurations = (
				54F7BA0D2A847CD7004DFB5F /* Debug */,
				54F7BA0E2A847CD7004DFB5F /* Release */,
			);
			defaultConfigurationIsVisible = 0;
			defaultConfigurationName = Release;
		};
		54F7BA0F2A847CD7004DFB5F /* Build configuration list for PBXNativeTarget "ProjectTemplateTests" */ = {
			isa = XCConfigurationList;
			buildConfigurations = (
				54F7BA102A847CD7004DFB5F /* Debug */,
				54F7BA112A847CD7004DFB5F /* Release */,
			);
			defaultConfigurationIsVisible = 0;
			defaultConfigurationName = Release;
		};
		54F7BA122A847CD7004DFB5F /* Build configuration list for PBXNativeTarget "ProjectTemplateUITests" */ = {
			isa = XCConfigurationList;
			buildConfigurations = (
				54F7BA132A847CD7004DFB5F /* Debug */,
				54F7BA142A847CD7004DFB5F /* Release */,
			);
			defaultConfigurationIsVisible = 0;
			defaultConfigurationName = Release;
		};
/* End XCConfigurationList section */
	};
	rootObject = 54F7B9DA2A847CD5004DFB5F /* Project object */;
}
