// !$*UTF8*$!
{
	archiveVersion = 1;
	classes = {
	};
	objectVersion = 56;
	objects = {

/* Begin PBXBuildFile section */
		2D58D8C472C8B9821A5CA549 /* Pods_ProjectTemplate_ProjectTemplateUITests.framework in Frameworks */ = {isa = PBXBuildFile; fileRef = 5F54E704A18912BB8D6B5A59 /* Pods_ProjectTemplate_ProjectTemplateUITests.framework */; };
		54290A8A2A84D80D002168C6 /* UIView+AnimationHelper.swift in Sources */ = {isa = PBXBuildFile; fileRef = 54290A892A84D80D002168C6 /* UIView+AnimationHelper.swift */; };
		54290A8E2A84D85E002168C6 /* LoadingView.swift in Sources */ = {isa = PBXBuildFile; fileRef = 54290A8D2A84D85E002168C6 /* LoadingView.swift */; };
		54290A902A84D89B002168C6 /* LoadingView.xib in Resources */ = {isa = PBXBuildFile; fileRef = 54290A8F2A84D89B002168C6 /* LoadingView.xib */; };
		54290A932A84D8BF002168C6 /* EmptyView.swift in Sources */ = {isa = PBXBuildFile; fileRef = 54290A922A84D8BF002168C6 /* EmptyView.swift */; };
		54290A952A84D8D9002168C6 /* EmptyView.xib in Resources */ = {isa = PBXBuildFile; fileRef = 54290A942A84D8D8002168C6 /* EmptyView.xib */; };
		54290A972A84D912002168C6 /* MainButton.swift in Sources */ = {isa = PBXBuildFile; fileRef = 54290A962A84D912002168C6 /* MainButton.swift */; };
		54290A9A2A84D9B3002168C6 /* MainActionButton.swift in Sources */ = {isa = PBXBuildFile; fileRef = 54290A992A84D9B3002168C6 /* MainActionButton.swift */; };
		54290A9C2A84D9DB002168C6 /* PrimaryButton.swift in Sources */ = {isa = PBXBuildFile; fileRef = 54290A9B2A84D9DB002168C6 /* PrimaryButton.swift */; };
		54290A9F2A84DAC7002168C6 /* Environment.swift in Sources */ = {isa = PBXBuildFile; fileRef = 54290A9E2A84DAC7002168C6 /* Environment.swift */; };
		54290AA12A84DB23002168C6 /* Date+Utilities.swift in Sources */ = {isa = PBXBuildFile; fileRef = 54290AA02A84DB23002168C6 /* Date+Utilities.swift */; };
		5484A8172A849CA900BEAEE5 /* BaseView.swift in Sources */ = {isa = PBXBuildFile; fileRef = 5484A8162A849CA900BEAEE5 /* BaseView.swift */; };
		5484A8192A849D3900BEAEE5 /* ContentTextView.swift in Sources */ = {isa = PBXBuildFile; fileRef = 5484A8182A849D3900BEAEE5 /* ContentTextView.swift */; };
		5484A81D2A849E6400BEAEE5 /* ReloadView.swift in Sources */ = {isa = PBXBuildFile; fileRef = 5484A81C2A849E6400BEAEE5 /* ReloadView.swift */; };
		5484A81F2A849E9500BEAEE5 /* ShadowView.swift in Sources */ = {isa = PBXBuildFile; fileRef = 5484A81E2A849E9500BEAEE5 /* ShadowView.swift */; };
		5484A8212A849F3700BEAEE5 /* InsetLabel.swift in Sources */ = {isa = PBXBuildFile; fileRef = 5484A8202A849F3700BEAEE5 /* InsetLabel.swift */; };
		5484A8242A849F5900BEAEE5 /* HeaderLabel.swift in Sources */ = {isa = PBXBuildFile; fileRef = 5484A8232A849F5900BEAEE5 /* HeaderLabel.swift */; };
		5484A8272A84A00D00BEAEE5 /* Typeface+Helper.swift in Sources */ = {isa = PBXBuildFile; fileRef = 5484A8262A84A00D00BEAEE5 /* Typeface+Helper.swift */; };
		5484A82B2A84A14600BEAEE5 /* UIButton+Helper.swift in Sources */ = {isa = PBXBuildFile; fileRef = 5484A82A2A84A14600BEAEE5 /* UIButton+Helper.swift */; };
		5484A82D2A84A1A400BEAEE5 /* UICollectionView+Helper.swift in Sources */ = {isa = PBXBuildFile; fileRef = 5484A82C2A84A1A400BEAEE5 /* UICollectionView+Helper.swift */; };
		5484A82F2A84A1BD00BEAEE5 /* UIColor+Helper.swift in Sources */ = {isa = PBXBuildFile; fileRef = 5484A82E2A84A1BD00BEAEE5 /* UIColor+Helper.swift */; };
		5484A8312A84A1E000BEAEE5 /* UILabel+Helper.swift in Sources */ = {isa = PBXBuildFile; fileRef = 5484A8302A84A1E000BEAEE5 /* UILabel+Helper.swift */; };
		5484A8332A84A2CD00BEAEE5 /* UIImageView+Helper.swift in Sources */ = {isa = PBXBuildFile; fileRef = 5484A8322A84A2CD00BEAEE5 /* UIImageView+Helper.swift */; };
		5484A8352A84A37800BEAEE5 /* UIScrollView+Helper.swift in Sources */ = {isa = PBXBuildFile; fileRef = 5484A8342A84A37800BEAEE5 /* UIScrollView+Helper.swift */; };
		5484A8372A84A3B100BEAEE5 /* UIStackView+Helper.swift in Sources */ = {isa = PBXBuildFile; fileRef = 5484A8362A84A3B100BEAEE5 /* UIStackView+Helper.swift */; };
		5484A8392A84A3D800BEAEE5 /* UITableView+Helper.swift in Sources */ = {isa = PBXBuildFile; fileRef = 5484A8382A84A3D800BEAEE5 /* UITableView+Helper.swift */; };
		5484A83B2A84A3F900BEAEE5 /* UITextField+Helper.swift in Sources */ = {isa = PBXBuildFile; fileRef = 5484A83A2A84A3F900BEAEE5 /* UITextField+Helper.swift */; };
		5484A83D2A84A40900BEAEE5 /* UIView+Helper.swift in Sources */ = {isa = PBXBuildFile; fileRef = 5484A83C2A84A40900BEAEE5 /* UIView+Helper.swift */; };
		5484A83F2A84A48400BEAEE5 /* UIView+StateHelper.swift in Sources */ = {isa = PBXBuildFile; fileRef = 5484A83E2A84A48400BEAEE5 /* UIView+StateHelper.swift */; };
		5484A8412A84A4B800BEAEE5 /* UIView+SkeletonViewHelper.swift in Sources */ = {isa = PBXBuildFile; fileRef = 5484A8402A84A4B800BEAEE5 /* UIView+SkeletonViewHelper.swift */; };
		5484A8432A84A4DB00BEAEE5 /* UIViewController+Helper.swift in Sources */ = {isa = PBXBuildFile; fileRef = 5484A8422A84A4DB00BEAEE5 /* UIViewController+Helper.swift */; };
		5484A8462A84BB5400BEAEE5 /* CodeIdentificationHelper.swift in Sources */ = {isa = PBXBuildFile; fileRef = 5484A8452A84BB5400BEAEE5 /* CodeIdentificationHelper.swift */; };
		5484A8482A84BBA200BEAEE5 /* CLLocation+Utilities.swift in Sources */ = {isa = PBXBuildFile; fileRef = 5484A8472A84BBA200BEAEE5 /* CLLocation+Utilities.swift */; };
		5484A84A2A84BC2500BEAEE5 /* MapUtils.swift in Sources */ = {isa = PBXBuildFile; fileRef = 5484A8492A84BC2500BEAEE5 /* MapUtils.swift */; };
		5484A84C2A84BCDF00BEAEE5 /* MediaPicker.swift in Sources */ = {isa = PBXBuildFile; fileRef = 5484A84B2A84BCDF00BEAEE5 /* MediaPicker.swift */; };
		5484A84E2A84BD0500BEAEE5 /* NumberUtils.swift in Sources */ = {isa = PBXBuildFile; fileRef = 5484A84D2A84BD0500BEAEE5 /* NumberUtils.swift */; };
		5484A8502A84BD2F00BEAEE5 /* Pasteboard.swift in Sources */ = {isa = PBXBuildFile; fileRef = 5484A84F2A84BD2F00BEAEE5 /* Pasteboard.swift */; };
		5484A8522A84BD6200BEAEE5 /* Router.swift in Sources */ = {isa = PBXBuildFile; fileRef = 5484A8512A84BD6200BEAEE5 /* Router.swift */; };
		5484A8542A84BDB000BEAEE5 /* SharingManager.swift in Sources */ = {isa = PBXBuildFile; fileRef = 5484A8532A84BDB000BEAEE5 /* SharingManager.swift */; };
		5484A8562A84BE5D00BEAEE5 /* String+URLEncode.swift in Sources */ = {isa = PBXBuildFile; fileRef = 5484A8552A84BE5D00BEAEE5 /* String+URLEncode.swift */; };
		5484A8582A84BE8A00BEAEE5 /* String+Utilities.swift in Sources */ = {isa = PBXBuildFile; fileRef = 5484A8572A84BE8A00BEAEE5 /* String+Utilities.swift */; };
		5484A85C2A84C19400BEAEE5 /* UIImageUtils.swift in Sources */ = {isa = PBXBuildFile; fileRef = 5484A85B2A84C19400BEAEE5 /* UIImageUtils.swift */; };
		5484A85E2A84C1BE00BEAEE5 /* UITextFieldUtilities.swift in Sources */ = {isa = PBXBuildFile; fileRef = 5484A85D2A84C1BE00BEAEE5 /* UITextFieldUtilities.swift */; };
		5484A8602A84C1D700BEAEE5 /* TimeZoneUtilities.swift in Sources */ = {isa = PBXBuildFile; fileRef = 5484A85F2A84C1D700BEAEE5 /* TimeZoneUtilities.swift */; };
		5484A8622A84C22A00BEAEE5 /* Typeface.swift in Sources */ = {isa = PBXBuildFile; fileRef = 5484A8612A84C22A00BEAEE5 /* Typeface.swift */; };
		5484A8652A84C3FA00BEAEE5 /* TTGSnackbar.swift in Sources */ = {isa = PBXBuildFile; fileRef = 5484A8642A84C3FA00BEAEE5 /* TTGSnackbar.swift */; };
		5484A8672A84C4B900BEAEE5 /* SnackbarView.xib in Resources */ = {isa = PBXBuildFile; fileRef = 5484A8662A84C4B900BEAEE5 /* SnackbarView.xib */; };
		5484A8692A84C4CC00BEAEE5 /* SnackbarView.swift in Sources */ = {isa = PBXBuildFile; fileRef = 5484A8682A84C4CC00BEAEE5 /* SnackbarView.swift */; };
		5484A86B2A84C4D600BEAEE5 /* Snackbar.swift in Sources */ = {isa = PBXBuildFile; fileRef = 5484A86A2A84C4D600BEAEE5 /* Snackbar.swift */; };
		54B73BD42A89C4FA00A92B0A /* RootController.swift in Sources */ = {isa = PBXBuildFile; fileRef = 54B73BD32A89C4FA00A92B0A /* RootController.swift */; };
		54B73BD62A89C57900A92B0A /* UniversalLinkType.swift in Sources */ = {isa = PBXBuildFile; fileRef = 54B73BD52A89C57900A92B0A /* UniversalLinkType.swift */; };
		54B73BD92A89CD1900A92B0A /* Profiles.swift in Sources */ = {isa = PBXBuildFile; fileRef = 54B73BD82A89CD1900A92B0A /* Profiles.swift */; };
		54BB16D12A85D0FF00472412 /* Montserrat-Medium.ttf in Resources */ = {isa = PBXBuildFile; fileRef = 54BB16C72A85D0FF00472412 /* Montserrat-Medium.ttf */; };
		54BB16D22A85D0FF00472412 /* Montserrat-Light.ttf in Resources */ = {isa = PBXBuildFile; fileRef = 54BB16C82A85D0FF00472412 /* Montserrat-Light.ttf */; };
		54BB16D32A85D0FF00472412 /* Montserrat-ExtraLight.ttf in Resources */ = {isa = PBXBuildFile; fileRef = 54BB16C92A85D0FF00472412 /* Montserrat-ExtraLight.ttf */; };
		54BB16D42A85D0FF00472412 /* Montserrat-Thin.ttf in Resources */ = {isa = PBXBuildFile; fileRef = 54BB16CA2A85D0FF00472412 /* Montserrat-Thin.ttf */; };
		54BB16D52A85D0FF00472412 /* Montserrat-Bold.ttf in Resources */ = {isa = PBXBuildFile; fileRef = 54BB16CB2A85D0FF00472412 /* Montserrat-Bold.ttf */; };
		54BB16D62A85D0FF00472412 /* Montserrat-SemiBold.ttf in Resources */ = {isa = PBXBuildFile; fileRef = 54BB16CC2A85D0FF00472412 /* Montserrat-SemiBold.ttf */; };
		54BB16D72A85D0FF00472412 /* Montserrat-ExtraBold.ttf in Resources */ = {isa = PBXBuildFile; fileRef = 54BB16CD2A85D0FF00472412 /* Montserrat-ExtraBold.ttf */; };
		54BB16D82A85D0FF00472412 /* Montserrat-Black.ttf in Resources */ = {isa = PBXBuildFile; fileRef = 54BB16CE2A85D0FF00472412 /* Montserrat-Black.ttf */; };
		54BB16D92A85D0FF00472412 /* Montserrat-Regular.ttf in Resources */ = {isa = PBXBuildFile; fileRef = 54BB16CF2A85D0FF00472412 /* Montserrat-Regular.ttf */; };
		54BB16DA2A85D0FF00472412 /* Montserrat-Italic.ttf in Resources */ = {isa = PBXBuildFile; fileRef = 54BB16D02A85D0FF00472412 /* Montserrat-Italic.ttf */; };
		54BB16DC2A85D18800472412 /* Monochrome.xcassets in Resources */ = {isa = PBXBuildFile; fileRef = 54BB16DB2A85D18800472412 /* Monochrome.xcassets */; };
		54BB16DE2A85D1A800472412 /* Colors.swift in Sources */ = {isa = PBXBuildFile; fileRef = 54BB16DD2A85D1A800472412 /* Colors.swift */; };
		54BB16E12A85D39300472412 /* BaseController.swift in Sources */ = {isa = PBXBuildFile; fileRef = 54BB16E02A85D39300472412 /* BaseController.swift */; };
		54BB16E32A85D40300472412 /* Validator.swift in Sources */ = {isa = PBXBuildFile; fileRef = 54BB16E22A85D40300472412 /* Validator.swift */; };
		54BB16E52A85D48E00472412 /* NotifCenterManager.swift in Sources */ = {isa = PBXBuildFile; fileRef = 54BB16E42A85D48E00472412 /* NotifCenterManager.swift */; };
		54BB16E72A85D84B00472412 /* BaseController+Location.swift in Sources */ = {isa = PBXBuildFile; fileRef = 54BB16E62A85D84B00472412 /* BaseController+Location.swift */; };
		54BB16E92A85D8F900472412 /* BaseNavigationController.swift in Sources */ = {isa = PBXBuildFile; fileRef = 54BB16E82A85D8F900472412 /* BaseNavigationController.swift */; };
		54BB16EB2A85DE8E00472412 /* BaseScrollController.swift in Sources */ = {isa = PBXBuildFile; fileRef = 54BB16EA2A85DE8E00472412 /* BaseScrollController.swift */; };
		54BB16EF2A85E45300472412 /* MainController.swift in Sources */ = {isa = PBXBuildFile; fileRef = 54BB16EE2A85E45300472412 /* MainController.swift */; };
		54BB16F22A85ED7800472412 /* Menu.swift in Sources */ = {isa = PBXBuildFile; fileRef = 54BB16F12A85ED7800472412 /* Menu.swift */; };
		54F62B562A89BEAC0011EF18 /* MainController+Reachability.swift in Sources */ = {isa = PBXBuildFile; fileRef = 54F62B552A89BEAC0011EF18 /* MainController+Reachability.swift */; };
		54F62B582A89C0630011EF18 /* MainController.xib in Resources */ = {isa = PBXBuildFile; fileRef = 54F62B572A89C0630011EF18 /* MainController.xib */; };
		54F62B5A2A89C2BB0011EF18 /* Device.swift in Sources */ = {isa = PBXBuildFile; fileRef = 54F62B592A89C2BB0011EF18 /* Device.swift */; };
		54F7B9E62A847CD5004DFB5F /* AppDelegate.swift in Sources */ = {isa = PBXBuildFile; fileRef = 54F7B9E52A847CD5004DFB5F /* AppDelegate.swift */; };
		54F7B9EA2A847CD5004DFB5F /* ViewController.swift in Sources */ = {isa = PBXBuildFile; fileRef = 54F7B9E92A847CD5004DFB5F /* ViewController.swift */; };
		54F7B9ED2A847CD5004DFB5F /* Main.storyboard in Resources */ = {isa = PBXBuildFile; fileRef = 54F7B9EB2A847CD5004DFB5F /* Main.storyboard */; };
		54F7B9EF2A847CD6004DFB5F /* Assets.xcassets in Resources */ = {isa = PBXBuildFile; fileRef = 54F7B9EE2A847CD6004DFB5F /* Assets.xcassets */; };
		54F7B9F22A847CD6004DFB5F /* LaunchScreen.storyboard in Resources */ = {isa = PBXBuildFile; fileRef = 54F7B9F02A847CD6004DFB5F /* LaunchScreen.storyboard */; };
		54F7B9FD2A847CD7004DFB5F /* ProjectTemplateTests.swift in Sources */ = {isa = PBXBuildFile; fileRef = 54F7B9FC2A847CD7004DFB5F /* ProjectTemplateTests.swift */; };
		54F7BA072A847CD7004DFB5F /* ProjectTemplateUITests.swift in Sources */ = {isa = PBXBuildFile; fileRef = 54F7BA062A847CD7004DFB5F /* ProjectTemplateUITests.swift */; };
		54F7BA092A847CD7004DFB5F /* ProjectTemplateUITestsLaunchTests.swift in Sources */ = {isa = PBXBuildFile; fileRef = 54F7BA082A847CD7004DFB5F /* ProjectTemplateUITestsLaunchTests.swift */; };
		5C62F9BE1A34B408C3F7E718 /* Pods_ProjectTemplate.framework in Frameworks */ = {isa = PBXBuildFile; fileRef = 87CBFF35B8312DE10ACB45A7 /* Pods_ProjectTemplate.framework */; };
		C4D160B0E2E64F674FA2850E /* Pods_ProjectTemplateTests.framework in Frameworks */ = {isa = PBXBuildFile; fileRef = BA1B72ECD08B89EBF62725FB /* Pods_ProjectTemplateTests.framework */; };
/* End PBXBuildFile section */

/* Begin PBXContainerItemProxy section */
		54F7B9F92A847CD7004DFB5F /* PBXContainerItemProxy */ = {
			isa = PBXContainerItemProxy;
			containerPortal = 54F7B9DA2A847CD5004DFB5F /* Project object */;
			proxyType = 1;
			remoteGlobalIDString = 54F7B9E12A847CD5004DFB5F;
			remoteInfo = ProjectTemplate;
		};
		54F7BA032A847CD7004DFB5F /* PBXContainerItemProxy */ = {
			isa = PBXContainerItemProxy;
			containerPortal = 54F7B9DA2A847CD5004DFB5F /* Project object */;
			proxyType = 1;
			remoteGlobalIDString = 54F7B9E12A847CD5004DFB5F;
			remoteInfo = ProjectTemplate;
		};
/* End PBXContainerItemProxy section */

/* Begin PBXFileReference section */
		3825A22736A574BEF88A0FDF /* Pods-ProjectTemplateTests.release.xcconfig */ = {isa = PBXFileReference; includeInIndex = 1; lastKnownFileType = text.xcconfig; name = "Pods-ProjectTemplateTests.release.xcconfig"; path = "Target Support Files/Pods-ProjectTemplateTests/Pods-ProjectTemplateTests.release.xcconfig"; sourceTree = "<group>"; };
		54290A892A84D80D002168C6 /* UIView+AnimationHelper.swift */ = {isa = PBXFileReference; lastKnownFileType = sourcecode.swift; path = "UIView+AnimationHelper.swift"; sourceTree = "<group>"; };
		54290A8D2A84D85E002168C6 /* LoadingView.swift */ = {isa = PBXFileReference; lastKnownFileType = sourcecode.swift; path = LoadingView.swift; sourceTree = "<group>"; };
		54290A8F2A84D89B002168C6 /* LoadingView.xib */ = {isa = PBXFileReference; fileEncoding = 4; lastKnownFileType = file.xib; path = LoadingView.xib; sourceTree = "<group>"; };
		54290A922A84D8BF002168C6 /* EmptyView.swift */ = {isa = PBXFileReference; lastKnownFileType = sourcecode.swift; path = EmptyView.swift; sourceTree = "<group>"; };
		54290A942A84D8D8002168C6 /* EmptyView.xib */ = {isa = PBXFileReference; fileEncoding = 4; lastKnownFileType = file.xib; path = EmptyView.xib; sourceTree = "<group>"; };
		54290A962A84D912002168C6 /* MainButton.swift */ = {isa = PBXFileReference; lastKnownFileType = sourcecode.swift; path = MainButton.swift; sourceTree = "<group>"; };
		54290A992A84D9B3002168C6 /* MainActionButton.swift */ = {isa = PBXFileReference; lastKnownFileType = sourcecode.swift; path = MainActionButton.swift; sourceTree = "<group>"; };
		54290A9B2A84D9DB002168C6 /* PrimaryButton.swift */ = {isa = PBXFileReference; lastKnownFileType = sourcecode.swift; path = PrimaryButton.swift; sourceTree = "<group>"; };
		54290A9E2A84DAC7002168C6 /* Environment.swift */ = {isa = PBXFileReference; lastKnownFileType = sourcecode.swift; path = Environment.swift; sourceTree = "<group>"; };
		54290AA02A84DB23002168C6 /* Date+Utilities.swift */ = {isa = PBXFileReference; lastKnownFileType = sourcecode.swift; path = "Date+Utilities.swift"; sourceTree = "<group>"; };
		5484A8162A849CA900BEAEE5 /* BaseView.swift */ = {isa = PBXFileReference; lastKnownFileType = sourcecode.swift; path = BaseView.swift; sourceTree = "<group>"; };
		5484A8182A849D3900BEAEE5 /* ContentTextView.swift */ = {isa = PBXFileReference; lastKnownFileType = sourcecode.swift; path = ContentTextView.swift; sourceTree = "<group>"; };
		5484A81C2A849E6400BEAEE5 /* ReloadView.swift */ = {isa = PBXFileReference; lastKnownFileType = sourcecode.swift; path = ReloadView.swift; sourceTree = "<group>"; };
		5484A81E2A849E9500BEAEE5 /* ShadowView.swift */ = {isa = PBXFileReference; lastKnownFileType = sourcecode.swift; path = ShadowView.swift; sourceTree = "<group>"; };
		5484A8202A849F3700BEAEE5 /* InsetLabel.swift */ = {isa = PBXFileReference; lastKnownFileType = sourcecode.swift; path = InsetLabel.swift; sourceTree = "<group>"; };
		5484A8232A849F5900BEAEE5 /* HeaderLabel.swift */ = {isa = PBXFileReference; lastKnownFileType = sourcecode.swift; path = HeaderLabel.swift; sourceTree = "<group>"; };
		5484A8262A84A00D00BEAEE5 /* Typeface+Helper.swift */ = {isa = PBXFileReference; lastKnownFileType = sourcecode.swift; path = "Typeface+Helper.swift"; sourceTree = "<group>"; };
		5484A82A2A84A14600BEAEE5 /* UIButton+Helper.swift */ = {isa = PBXFileReference; lastKnownFileType = sourcecode.swift; path = "UIButton+Helper.swift"; sourceTree = "<group>"; };
		5484A82C2A84A1A400BEAEE5 /* UICollectionView+Helper.swift */ = {isa = PBXFileReference; lastKnownFileType = sourcecode.swift; path = "UICollectionView+Helper.swift"; sourceTree = "<group>"; };
		5484A82E2A84A1BD00BEAEE5 /* UIColor+Helper.swift */ = {isa = PBXFileReference; lastKnownFileType = sourcecode.swift; path = "UIColor+Helper.swift"; sourceTree = "<group>"; };
		5484A8302A84A1E000BEAEE5 /* UILabel+Helper.swift */ = {isa = PBXFileReference; lastKnownFileType = sourcecode.swift; path = "UILabel+Helper.swift"; sourceTree = "<group>"; };
		5484A8322A84A2CD00BEAEE5 /* UIImageView+Helper.swift */ = {isa = PBXFileReference; lastKnownFileType = sourcecode.swift; path = "UIImageView+Helper.swift"; sourceTree = "<group>"; };
		5484A8342A84A37800BEAEE5 /* UIScrollView+Helper.swift */ = {isa = PBXFileReference; lastKnownFileType = sourcecode.swift; path = "UIScrollView+Helper.swift"; sourceTree = "<group>"; };
		5484A8362A84A3B100BEAEE5 /* UIStackView+Helper.swift */ = {isa = PBXFileReference; lastKnownFileType = sourcecode.swift; path = "UIStackView+Helper.swift"; sourceTree = "<group>"; };
		5484A8382A84A3D800BEAEE5 /* UITableView+Helper.swift */ = {isa = PBXFileReference; lastKnownFileType = sourcecode.swift; path = "UITableView+Helper.swift"; sourceTree = "<group>"; };
		5484A83A2A84A3F900BEAEE5 /* UITextField+Helper.swift */ = {isa = PBXFileReference; lastKnownFileType = sourcecode.swift; path = "UITextField+Helper.swift"; sourceTree = "<group>"; };
		5484A83C2A84A40900BEAEE5 /* UIView+Helper.swift */ = {isa = PBXFileReference; lastKnownFileType = sourcecode.swift; path = "UIView+Helper.swift"; sourceTree = "<group>"; };
		5484A83E2A84A48400BEAEE5 /* UIView+StateHelper.swift */ = {isa = PBXFileReference; lastKnownFileType = sourcecode.swift; path = "UIView+StateHelper.swift"; sourceTree = "<group>"; };
		5484A8402A84A4B800BEAEE5 /* UIView+SkeletonViewHelper.swift */ = {isa = PBXFileReference; lastKnownFileType = sourcecode.swift; path = "UIView+SkeletonViewHelper.swift"; sourceTree = "<group>"; };
		5484A8422A84A4DB00BEAEE5 /* UIViewController+Helper.swift */ = {isa = PBXFileReference; lastKnownFileType = sourcecode.swift; path = "UIViewController+Helper.swift"; sourceTree = "<group>"; };
		5484A8452A84BB5400BEAEE5 /* CodeIdentificationHelper.swift */ = {isa = PBXFileReference; lastKnownFileType = sourcecode.swift; path = CodeIdentificationHelper.swift; sourceTree = "<group>"; };
		5484A8472A84BBA200BEAEE5 /* CLLocation+Utilities.swift */ = {isa = PBXFileReference; lastKnownFileType = sourcecode.swift; path = "CLLocation+Utilities.swift"; sourceTree = "<group>"; };
		5484A8492A84BC2500BEAEE5 /* MapUtils.swift */ = {isa = PBXFileReference; lastKnownFileType = sourcecode.swift; path = MapUtils.swift; sourceTree = "<group>"; };
		5484A84B2A84BCDF00BEAEE5 /* MediaPicker.swift */ = {isa = PBXFileReference; lastKnownFileType = sourcecode.swift; path = MediaPicker.swift; sourceTree = "<group>"; };
		5484A84D2A84BD0500BEAEE5 /* NumberUtils.swift */ = {isa = PBXFileReference; lastKnownFileType = sourcecode.swift; path = NumberUtils.swift; sourceTree = "<group>"; };
		5484A84F2A84BD2F00BEAEE5 /* Pasteboard.swift */ = {isa = PBXFileReference; lastKnownFileType = sourcecode.swift; path = Pasteboard.swift; sourceTree = "<group>"; };
		5484A8512A84BD6200BEAEE5 /* Router.swift */ = {isa = PBXFileReference; lastKnownFileType = sourcecode.swift; path = Router.swift; sourceTree = "<group>"; };
		5484A8532A84BDB000BEAEE5 /* SharingManager.swift */ = {isa = PBXFileReference; lastKnownFileType = sourcecode.swift; path = SharingManager.swift; sourceTree = "<group>"; };
		5484A8552A84BE5D00BEAEE5 /* String+URLEncode.swift */ = {isa = PBXFileReference; lastKnownFileType = sourcecode.swift; path = "String+URLEncode.swift"; sourceTree = "<group>"; };
		5484A8572A84BE8A00BEAEE5 /* String+Utilities.swift */ = {isa = PBXFileReference; lastKnownFileType = sourcecode.swift; path = "String+Utilities.swift"; sourceTree = "<group>"; };
		5484A85B2A84C19400BEAEE5 /* UIImageUtils.swift */ = {isa = PBXFileReference; lastKnownFileType = sourcecode.swift; path = UIImageUtils.swift; sourceTree = "<group>"; };
		5484A85D2A84C1BE00BEAEE5 /* UITextFieldUtilities.swift */ = {isa = PBXFileReference; lastKnownFileType = sourcecode.swift; path = UITextFieldUtilities.swift; sourceTree = "<group>"; };
		5484A85F2A84C1D700BEAEE5 /* TimeZoneUtilities.swift */ = {isa = PBXFileReference; lastKnownFileType = sourcecode.swift; path = TimeZoneUtilities.swift; sourceTree = "<group>"; };
		5484A8612A84C22A00BEAEE5 /* Typeface.swift */ = {isa = PBXFileReference; lastKnownFileType = sourcecode.swift; path = Typeface.swift; sourceTree = "<group>"; };
		5484A8642A84C3FA00BEAEE5 /* TTGSnackbar.swift */ = {isa = PBXFileReference; lastKnownFileType = sourcecode.swift; path = TTGSnackbar.swift; sourceTree = "<group>"; };
		5484A8662A84C4B900BEAEE5 /* SnackbarView.xib */ = {isa = PBXFileReference; fileEncoding = 4; lastKnownFileType = file.xib; path = SnackbarView.xib; sourceTree = "<group>"; };
		5484A8682A84C4CC00BEAEE5 /* SnackbarView.swift */ = {isa = PBXFileReference; lastKnownFileType = sourcecode.swift; path = SnackbarView.swift; sourceTree = "<group>"; };
		5484A86A2A84C4D600BEAEE5 /* Snackbar.swift */ = {isa = PBXFileReference; lastKnownFileType = sourcecode.swift; path = Snackbar.swift; sourceTree = "<group>"; };
		54B73BD32A89C4FA00A92B0A /* RootController.swift */ = {isa = PBXFileReference; lastKnownFileType = sourcecode.swift; path = RootController.swift; sourceTree = "<group>"; };
		54B73BD52A89C57900A92B0A /* UniversalLinkType.swift */ = {isa = PBXFileReference; lastKnownFileType = sourcecode.swift; path = UniversalLinkType.swift; sourceTree = "<group>"; };
		54B73BD82A89CD1900A92B0A /* Profiles.swift */ = {isa = PBXFileReference; lastKnownFileType = sourcecode.swift; path = Profiles.swift; sourceTree = "<group>"; };
		54BB16C72A85D0FF00472412 /* Montserrat-Medium.ttf */ = {isa = PBXFileReference; lastKnownFileType = file; path = "Montserrat-Medium.ttf"; sourceTree = "<group>"; };
		54BB16C82A85D0FF00472412 /* Montserrat-Light.ttf */ = {isa = PBXFileReference; lastKnownFileType = file; path = "Montserrat-Light.ttf"; sourceTree = "<group>"; };
		54BB16C92A85D0FF00472412 /* Montserrat-ExtraLight.ttf */ = {isa = PBXFileReference; lastKnownFileType = file; path = "Montserrat-ExtraLight.ttf"; sourceTree = "<group>"; };
		54BB16CA2A85D0FF00472412 /* Montserrat-Thin.ttf */ = {isa = PBXFileReference; lastKnownFileType = file; path = "Montserrat-Thin.ttf"; sourceTree = "<group>"; };
		54BB16CB2A85D0FF00472412 /* Montserrat-Bold.ttf */ = {isa = PBXFileReference; lastKnownFileType = file; path = "Montserrat-Bold.ttf"; sourceTree = "<group>"; };
		54BB16CC2A85D0FF00472412 /* Montserrat-SemiBold.ttf */ = {isa = PBXFileReference; lastKnownFileType = file; path = "Montserrat-SemiBold.ttf"; sourceTree = "<group>"; };
		54BB16CD2A85D0FF00472412 /* Montserrat-ExtraBold.ttf */ = {isa = PBXFileReference; lastKnownFileType = file; path = "Montserrat-ExtraBold.ttf"; sourceTree = "<group>"; };
		54BB16CE2A85D0FF00472412 /* Montserrat-Black.ttf */ = {isa = PBXFileReference; lastKnownFileType = file; path = "Montserrat-Black.ttf"; sourceTree = "<group>"; };
		54BB16CF2A85D0FF00472412 /* Montserrat-Regular.ttf */ = {isa = PBXFileReference; lastKnownFileType = file; path = "Montserrat-Regular.ttf"; sourceTree = "<group>"; };
		54BB16D02A85D0FF00472412 /* Montserrat-Italic.ttf */ = {isa = PBXFileReference; lastKnownFileType = file; path = "Montserrat-Italic.ttf"; sourceTree = "<group>"; };
		54BB16DB2A85D18800472412 /* Monochrome.xcassets */ = {isa = PBXFileReference; lastKnownFileType = folder.assetcatalog; path = Monochrome.xcassets; sourceTree = "<group>"; };
		54BB16DD2A85D1A800472412 /* Colors.swift */ = {isa = PBXFileReference; lastKnownFileType = sourcecode.swift; path = Colors.swift; sourceTree = "<group>"; };
		54BB16E02A85D39300472412 /* BaseController.swift */ = {isa = PBXFileReference; lastKnownFileType = sourcecode.swift; path = BaseController.swift; sourceTree = "<group>"; };
		54BB16E22A85D40300472412 /* Validator.swift */ = {isa = PBXFileReference; fileEncoding = 4; lastKnownFileType = sourcecode.swift; path = Validator.swift; sourceTree = "<group>"; };
		54BB16E42A85D48E00472412 /* NotifCenterManager.swift */ = {isa = PBXFileReference; lastKnownFileType = sourcecode.swift; path = NotifCenterManager.swift; sourceTree = "<group>"; };
		54BB16E62A85D84B00472412 /* BaseController+Location.swift */ = {isa = PBXFileReference; lastKnownFileType = sourcecode.swift; path = "BaseController+Location.swift"; sourceTree = "<group>"; };
		54BB16E82A85D8F900472412 /* BaseNavigationController.swift */ = {isa = PBXFileReference; lastKnownFileType = sourcecode.swift; path = BaseNavigationController.swift; sourceTree = "<group>"; };
		54BB16EA2A85DE8E00472412 /* BaseScrollController.swift */ = {isa = PBXFileReference; lastKnownFileType = sourcecode.swift; path = BaseScrollController.swift; sourceTree = "<group>"; };
		54BB16EE2A85E45300472412 /* MainController.swift */ = {isa = PBXFileReference; lastKnownFileType = sourcecode.swift; path = MainController.swift; sourceTree = "<group>"; };
		54BB16F12A85ED7800472412 /* Menu.swift */ = {isa = PBXFileReference; lastKnownFileType = sourcecode.swift; path = Menu.swift; sourceTree = "<group>"; };
		54F62B552A89BEAC0011EF18 /* MainController+Reachability.swift */ = {isa = PBXFileReference; lastKnownFileType = sourcecode.swift; path = "MainController+Reachability.swift"; sourceTree = "<group>"; };
		54F62B572A89C0630011EF18 /* MainController.xib */ = {isa = PBXFileReference; fileEncoding = 4; lastKnownFileType = file.xib; path = MainController.xib; sourceTree = "<group>"; };
		54F62B592A89C2BB0011EF18 /* Device.swift */ = {isa = PBXFileReference; lastKnownFileType = sourcecode.swift; path = Device.swift; sourceTree = "<group>"; };
		54F7B9E22A847CD5004DFB5F /* ProjectTemplate.app */ = {isa = PBXFileReference; explicitFileType = wrapper.application; includeInIndex = 0; path = ProjectTemplate.app; sourceTree = BUILT_PRODUCTS_DIR; };
		54F7B9E52A847CD5004DFB5F /* AppDelegate.swift */ = {isa = PBXFileReference; lastKnownFileType = sourcecode.swift; path = AppDelegate.swift; sourceTree = "<group>"; };
		54F7B9E92A847CD5004DFB5F /* ViewController.swift */ = {isa = PBXFileReference; lastKnownFileType = sourcecode.swift; path = ViewController.swift; sourceTree = "<group>"; };
		54F7B9EC2A847CD5004DFB5F /* Base */ = {isa = PBXFileReference; lastKnownFileType = file.storyboard; name = Base; path = Base.lproj/Main.storyboard; sourceTree = "<group>"; };
		54F7B9EE2A847CD6004DFB5F /* Assets.xcassets */ = {isa = PBXFileReference; lastKnownFileType = folder.assetcatalog; path = Assets.xcassets; sourceTree = "<group>"; };
		54F7B9F12A847CD6004DFB5F /* Base */ = {isa = PBXFileReference; lastKnownFileType = file.storyboard; name = Base; path = Base.lproj/LaunchScreen.storyboard; sourceTree = "<group>"; };
		54F7B9F32A847CD6004DFB5F /* Info.plist */ = {isa = PBXFileReference; lastKnownFileType = text.plist.xml; path = Info.plist; sourceTree = "<group>"; };
		54F7B9F82A847CD7004DFB5F /* ProjectTemplateTests.xctest */ = {isa = PBXFileReference; explicitFileType = wrapper.cfbundle; includeInIndex = 0; path = ProjectTemplateTests.xctest; sourceTree = BUILT_PRODUCTS_DIR; };
		54F7B9FC2A847CD7004DFB5F /* ProjectTemplateTests.swift */ = {isa = PBXFileReference; lastKnownFileType = sourcecode.swift; path = ProjectTemplateTests.swift; sourceTree = "<group>"; };
		54F7BA022A847CD7004DFB5F /* ProjectTemplateUITests.xctest */ = {isa = PBXFileReference; explicitFileType = wrapper.cfbundle; includeInIndex = 0; path = ProjectTemplateUITests.xctest; sourceTree = BUILT_PRODUCTS_DIR; };
		54F7BA062A847CD7004DFB5F /* ProjectTemplateUITests.swift */ = {isa = PBXFileReference; lastKnownFileType = sourcecode.swift; path = ProjectTemplateUITests.swift; sourceTree = "<group>"; };
		54F7BA082A847CD7004DFB5F /* ProjectTemplateUITestsLaunchTests.swift */ = {isa = PBXFileReference; lastKnownFileType = sourcecode.swift; path = ProjectTemplateUITestsLaunchTests.swift; sourceTree = "<group>"; };
		57C90EF39CC7F5F636C1B95B /* Pods-ProjectTemplate.debug.xcconfig */ = {isa = PBXFileReference; includeInIndex = 1; lastKnownFileType = text.xcconfig; name = "Pods-ProjectTemplate.debug.xcconfig"; path = "Target Support Files/Pods-ProjectTemplate/Pods-ProjectTemplate.debug.xcconfig"; sourceTree = "<group>"; };
		5BC5DA3FF9302FE7F2C4F440 /* Pods-ProjectTemplateTests.debug.xcconfig */ = {isa = PBXFileReference; includeInIndex = 1; lastKnownFileType = text.xcconfig; name = "Pods-ProjectTemplateTests.debug.xcconfig"; path = "Target Support Files/Pods-ProjectTemplateTests/Pods-ProjectTemplateTests.debug.xcconfig"; sourceTree = "<group>"; };
		5F54E704A18912BB8D6B5A59 /* Pods_ProjectTemplate_ProjectTemplateUITests.framework */ = {isa = PBXFileReference; explicitFileType = wrapper.framework; includeInIndex = 0; path = Pods_ProjectTemplate_ProjectTemplateUITests.framework; sourceTree = BUILT_PRODUCTS_DIR; };
		87CBFF35B8312DE10ACB45A7 /* Pods_ProjectTemplate.framework */ = {isa = PBXFileReference; explicitFileType = wrapper.framework; includeInIndex = 0; path = Pods_ProjectTemplate.framework; sourceTree = BUILT_PRODUCTS_DIR; };
		BA1B72ECD08B89EBF62725FB /* Pods_ProjectTemplateTests.framework */ = {isa = PBXFileReference; explicitFileType = wrapper.framework; includeInIndex = 0; path = Pods_ProjectTemplateTests.framework; sourceTree = BUILT_PRODUCTS_DIR; };
		BC0D413EFF8369E01E9E26FD /* Pods-ProjectTemplate-ProjectTemplateUITests.debug.xcconfig */ = {isa = PBXFileReference; includeInIndex = 1; lastKnownFileType = text.xcconfig; name = "Pods-ProjectTemplate-ProjectTemplateUITests.debug.xcconfig"; path = "Target Support Files/Pods-ProjectTemplate-ProjectTemplateUITests/Pods-ProjectTemplate-ProjectTemplateUITests.debug.xcconfig"; sourceTree = "<group>"; };
		EA36DCD30978C06511C00788 /* Pods-ProjectTemplate-ProjectTemplateUITests.release.xcconfig */ = {isa = PBXFileReference; includeInIndex = 1; lastKnownFileType = text.xcconfig; name = "Pods-ProjectTemplate-ProjectTemplateUITests.release.xcconfig"; path = "Target Support Files/Pods-ProjectTemplate-ProjectTemplateUITests/Pods-ProjectTemplate-ProjectTemplateUITests.release.xcconfig"; sourceTree = "<group>"; };
		F69005CB5831C307E5519691 /* Pods-ProjectTemplate.release.xcconfig */ = {isa = PBXFileReference; includeInIndex = 1; lastKnownFileType = text.xcconfig; name = "Pods-ProjectTemplate.release.xcconfig"; path = "Target Support Files/Pods-ProjectTemplate/Pods-ProjectTemplate.release.xcconfig"; sourceTree = "<group>"; };
/* End PBXFileReference section */

/* Begin PBXFrameworksBuildPhase section */
		54F7B9DF2A847CD5004DFB5F /* Frameworks */ = {
			isa = PBXFrameworksBuildPhase;
			buildActionMask = 2147483647;
			files = (
				5C62F9BE1A34B408C3F7E718 /* Pods_ProjectTemplate.framework in Frameworks */,
			);
			runOnlyForDeploymentPostprocessing = 0;
		};
		54F7B9F52A847CD7004DFB5F /* Frameworks */ = {
			isa = PBXFrameworksBuildPhase;
			buildActionMask = 2147483647;
			files = (
				C4D160B0E2E64F674FA2850E /* Pods_ProjectTemplateTests.framework in Frameworks */,
			);
			runOnlyForDeploymentPostprocessing = 0;
		};
		54F7B9FF2A847CD7004DFB5F /* Frameworks */ = {
			isa = PBXFrameworksBuildPhase;
			buildActionMask = 2147483647;
			files = (
				2D58D8C472C8B9821A5CA549 /* Pods_ProjectTemplate_ProjectTemplateUITests.framework in Frameworks */,
			);
			runOnlyForDeploymentPostprocessing = 0;
		};
/* End PBXFrameworksBuildPhase section */

/* Begin PBXGroup section */
		2298105D678A5D410D70899F /* Frameworks */ = {
			isa = PBXGroup;
			children = (
				87CBFF35B8312DE10ACB45A7 /* Pods_ProjectTemplate.framework */,
				5F54E704A18912BB8D6B5A59 /* Pods_ProjectTemplate_ProjectTemplateUITests.framework */,
				BA1B72ECD08B89EBF62725FB /* Pods_ProjectTemplateTests.framework */,
			);
			name = Frameworks;
			sourceTree = "<group>";
		};
		54290A8B2A84D848002168C6 /* Components */ = {
			isa = PBXGroup;
			children = (
				54290A982A84D928002168C6 /* Buttons */,
				54290A8C2A84D850002168C6 /* Views */,
			);
			path = Components;
			sourceTree = "<group>";
		};
		54290A8C2A84D850002168C6 /* Views */ = {
			isa = PBXGroup;
			children = (
				54290A912A84D8B3002168C6 /* States */,
				54290A8D2A84D85E002168C6 /* LoadingView.swift */,
				54290A8F2A84D89B002168C6 /* LoadingView.xib */,
			);
			path = Views;
			sourceTree = "<group>";
		};
		54290A912A84D8B3002168C6 /* States */ = {
			isa = PBXGroup;
			children = (
				54290A922A84D8BF002168C6 /* EmptyView.swift */,
				54290A942A84D8D8002168C6 /* EmptyView.xib */,
			);
			path = States;
			sourceTree = "<group>";
		};
		54290A982A84D928002168C6 /* Buttons */ = {
			isa = PBXGroup;
			children = (
				54290A992A84D9B3002168C6 /* MainActionButton.swift */,
				54290A9B2A84D9DB002168C6 /* PrimaryButton.swift */,
			);
			path = Buttons;
			sourceTree = "<group>";
		};
		54290A9D2A84DABB002168C6 /* Constants */ = {
			isa = PBXGroup;
			children = (
				54BB16F02A85ED6F00472412 /* Enums */,
				54290A9E2A84DAC7002168C6 /* Environment.swift */,
			);
			path = Constants;
			sourceTree = "<group>";
		};
		54399A2F2A8491110088B081 /* Common */ = {
			isa = PBXGroup;
			children = (
				54399A392A84930F0088B081 /* UI Component */,
				5484A8442A84BB3D00BEAEE5 /* UI Helper */,
				5484A8252A849FEE00BEAEE5 /* Utilities */,
			);
			path = Common;
			sourceTree = "<group>";
		};
		54399A302A8491220088B081 /* Data */ = {
			isa = PBXGroup;
			children = (
				54290A9D2A84DABB002168C6 /* Constants */,
				54B73BD72A89CD0D00A92B0A /* Preferences */,
			);
			path = Data;
			sourceTree = "<group>";
		};
		54399A312A84912B0088B081 /* Resources */ = {
			isa = PBXGroup;
			children = (
				54BB16C32A85D0AE00472412 /* Fonts */,
				54F7B9EE2A847CD6004DFB5F /* Assets.xcassets */,
				54BB16DB2A85D18800472412 /* Monochrome.xcassets */,
			);
			path = Resources;
			sourceTree = "<group>";
		};
		54399A322A8491330088B081 /* View Models */ = {
			isa = PBXGroup;
			children = (
			);
			path = "View Models";
			sourceTree = "<group>";
		};
		54399A332A84913C0088B081 /* Views */ = {
			isa = PBXGroup;
			children = (
				54BB16DF2A85D37900472412 /* Base */,
				54290A8B2A84D848002168C6 /* Components */,
				54BB16EC2A85E43E00472412 /* Modules */,
				5484A8282A84A07900BEAEE5 /* Specs */,
				54B73BD32A89C4FA00A92B0A /* RootController.swift */,
				54F7B9E92A847CD5004DFB5F /* ViewController.swift */,
				54F7B9F02A847CD6004DFB5F /* LaunchScreen.storyboard */,
				54F7B9EB2A847CD5004DFB5F /* Main.storyboard */,
			);
			path = Views;
			sourceTree = "<group>";
		};
		54399A392A84930F0088B081 /* UI Component */ = {
			isa = PBXGroup;
			children = (
				54399A3A2A8493230088B081 /* Helpers */,
				5484A8222A849F5000BEAEE5 /* Labels */,
				5484A8632A84C3EB00BEAEE5 /* Snackbar */,
			);
			path = "UI Component";
			sourceTree = "<group>";
		};
		54399A3A2A8493230088B081 /* Helpers */ = {
			isa = PBXGroup;
			children = (
				5484A8162A849CA900BEAEE5 /* BaseView.swift */,
				5484A8182A849D3900BEAEE5 /* ContentTextView.swift */,
				5484A81C2A849E6400BEAEE5 /* ReloadView.swift */,
				5484A81E2A849E9500BEAEE5 /* ShadowView.swift */,
				5484A8202A849F3700BEAEE5 /* InsetLabel.swift */,
				54290A962A84D912002168C6 /* MainButton.swift */,
			);
			path = Helpers;
			sourceTree = "<group>";
		};
		5484A8222A849F5000BEAEE5 /* Labels */ = {
			isa = PBXGroup;
			children = (
				5484A8232A849F5900BEAEE5 /* HeaderLabel.swift */,
			);
			path = Labels;
			sourceTree = "<group>";
		};
		5484A8252A849FEE00BEAEE5 /* Utilities */ = {
			isa = PBXGroup;
			children = (
				5484A8452A84BB5400BEAEE5 /* CodeIdentificationHelper.swift */,
				5484A8472A84BBA200BEAEE5 /* CLLocation+Utilities.swift */,
				5484A8492A84BC2500BEAEE5 /* MapUtils.swift */,
				5484A84B2A84BCDF00BEAEE5 /* MediaPicker.swift */,
				5484A84D2A84BD0500BEAEE5 /* NumberUtils.swift */,
				5484A84F2A84BD2F00BEAEE5 /* Pasteboard.swift */,
				5484A8512A84BD6200BEAEE5 /* Router.swift */,
				5484A8532A84BDB000BEAEE5 /* SharingManager.swift */,
				5484A8552A84BE5D00BEAEE5 /* String+URLEncode.swift */,
				5484A8572A84BE8A00BEAEE5 /* String+Utilities.swift */,
				5484A85B2A84C19400BEAEE5 /* UIImageUtils.swift */,
				5484A85D2A84C1BE00BEAEE5 /* UITextFieldUtilities.swift */,
				5484A85F2A84C1D700BEAEE5 /* TimeZoneUtilities.swift */,
				54290AA02A84DB23002168C6 /* Date+Utilities.swift */,
				54BB16E22A85D40300472412 /* Validator.swift */,
				54BB16E42A85D48E00472412 /* NotifCenterManager.swift */,
				54F62B592A89C2BB0011EF18 /* Device.swift */,
			);
			path = Utilities;
			sourceTree = "<group>";
		};
		5484A8282A84A07900BEAEE5 /* Specs */ = {
			isa = PBXGroup;
			children = (
				5484A8292A84A08000BEAEE5 /* Typeface */,
				54BB16DD2A85D1A800472412 /* Colors.swift */,
			);
			path = Specs;
			sourceTree = "<group>";
		};
		5484A8292A84A08000BEAEE5 /* Typeface */ = {
			isa = PBXGroup;
			children = (
				5484A8612A84C22A00BEAEE5 /* Typeface.swift */,
			);
			path = Typeface;
			sourceTree = "<group>";
		};
		5484A8442A84BB3D00BEAEE5 /* UI Helper */ = {
			isa = PBXGroup;
			children = (
				5484A8262A84A00D00BEAEE5 /* Typeface+Helper.swift */,
				5484A82A2A84A14600BEAEE5 /* UIButton+Helper.swift */,
				5484A82C2A84A1A400BEAEE5 /* UICollectionView+Helper.swift */,
				5484A82E2A84A1BD00BEAEE5 /* UIColor+Helper.swift */,
				5484A8302A84A1E000BEAEE5 /* UILabel+Helper.swift */,
				5484A8322A84A2CD00BEAEE5 /* UIImageView+Helper.swift */,
				5484A8342A84A37800BEAEE5 /* UIScrollView+Helper.swift */,
				5484A8362A84A3B100BEAEE5 /* UIStackView+Helper.swift */,
				5484A8382A84A3D800BEAEE5 /* UITableView+Helper.swift */,
				5484A83A2A84A3F900BEAEE5 /* UITextField+Helper.swift */,
				54290A892A84D80D002168C6 /* UIView+AnimationHelper.swift */,
				5484A83C2A84A40900BEAEE5 /* UIView+Helper.swift */,
				5484A83E2A84A48400BEAEE5 /* UIView+StateHelper.swift */,
				5484A8402A84A4B800BEAEE5 /* UIView+SkeletonViewHelper.swift */,
				5484A8422A84A4DB00BEAEE5 /* UIViewController+Helper.swift */,
			);
			path = "UI Helper";
			sourceTree = "<group>";
		};
		5484A8632A84C3EB00BEAEE5 /* Snackbar */ = {
			isa = PBXGroup;
			children = (
				5484A86A2A84C4D600BEAEE5 /* Snackbar.swift */,
				5484A8682A84C4CC00BEAEE5 /* SnackbarView.swift */,
				5484A8662A84C4B900BEAEE5 /* SnackbarView.xib */,
				5484A8642A84C3FA00BEAEE5 /* TTGSnackbar.swift */,
			);
			path = Snackbar;
			sourceTree = "<group>";
		};
		54B73BD72A89CD0D00A92B0A /* Preferences */ = {
			isa = PBXGroup;
			children = (
				54B73BD82A89CD1900A92B0A /* Profiles.swift */,
			);
			path = Preferences;
			sourceTree = "<group>";
		};
		54BB16C32A85D0AE00472412 /* Fonts */ = {
			isa = PBXGroup;
			children = (
				54BB16C62A85D0FF00472412 /* Montserrat */,
			);
			path = Fonts;
			sourceTree = "<group>";
		};
		54BB16C62A85D0FF00472412 /* Montserrat */ = {
			isa = PBXGroup;
			children = (
				54BB16C72A85D0FF00472412 /* Montserrat-Medium.ttf */,
				54BB16C82A85D0FF00472412 /* Montserrat-Light.ttf */,
				54BB16C92A85D0FF00472412 /* Montserrat-ExtraLight.ttf */,
				54BB16CA2A85D0FF00472412 /* Montserrat-Thin.ttf */,
				54BB16CB2A85D0FF00472412 /* Montserrat-Bold.ttf */,
				54BB16CC2A85D0FF00472412 /* Montserrat-SemiBold.ttf */,
				54BB16CD2A85D0FF00472412 /* Montserrat-ExtraBold.ttf */,
				54BB16CE2A85D0FF00472412 /* Montserrat-Black.ttf */,
				54BB16CF2A85D0FF00472412 /* Montserrat-Regular.ttf */,
				54BB16D02A85D0FF00472412 /* Montserrat-Italic.ttf */,
			);
			path = Montserrat;
			sourceTree = "<group>";
		};
		54BB16DF2A85D37900472412 /* Base */ = {
			isa = PBXGroup;
			children = (
				54BB16E02A85D39300472412 /* BaseController.swift */,
				54BB16E62A85D84B00472412 /* BaseController+Location.swift */,
				54BB16E82A85D8F900472412 /* BaseNavigationController.swift */,
				54BB16EA2A85DE8E00472412 /* BaseScrollController.swift */,
			);
			path = Base;
			sourceTree = "<group>";
		};
		54BB16EC2A85E43E00472412 /* Modules */ = {
			isa = PBXGroup;
			children = (
				54BB16ED2A85E44B00472412 /* Main */,
			);
			path = Modules;
			sourceTree = "<group>";
		};
		54BB16ED2A85E44B00472412 /* Main */ = {
			isa = PBXGroup;
			children = (
				54BB16EE2A85E45300472412 /* MainController.swift */,
				54F62B552A89BEAC0011EF18 /* MainController+Reachability.swift */,
				54F62B572A89C0630011EF18 /* MainController.xib */,
			);
			path = Main;
			sourceTree = "<group>";
		};
		54BB16F02A85ED6F00472412 /* Enums */ = {
			isa = PBXGroup;
			children = (
				54BB16F12A85ED7800472412 /* Menu.swift */,
				54B73BD52A89C57900A92B0A /* UniversalLinkType.swift */,
			);
			path = Enums;
			sourceTree = "<group>";
		};
		54F7B9D92A847CD5004DFB5F = {
			isa = PBXGroup;
			children = (
				54F7B9E42A847CD5004DFB5F /* ProjectTemplate */,
				54F7B9FB2A847CD7004DFB5F /* ProjectTemplateTests */,
				54F7BA052A847CD7004DFB5F /* ProjectTemplateUITests */,
				54F7B9E32A847CD5004DFB5F /* Products */,
				FD4EBF922EBEBD0C0479B8F2 /* Pods */,
				2298105D678A5D410D70899F /* Frameworks */,
			);
			sourceTree = "<group>";
		};
		54F7B9E32A847CD5004DFB5F /* Products */ = {
			isa = PBXGroup;
			children = (
				54F7B9E22A847CD5004DFB5F /* ProjectTemplate.app */,
				54F7B9F82A847CD7004DFB5F /* ProjectTemplateTests.xctest */,
				54F7BA022A847CD7004DFB5F /* ProjectTemplateUITests.xctest */,
			);
			name = Products;
			sourceTree = "<group>";
		};
		54F7B9E42A847CD5004DFB5F /* ProjectTemplate */ = {
			isa = PBXGroup;
			children = (
				54F7B9E52A847CD5004DFB5F /* AppDelegate.swift */,
				54399A2F2A8491110088B081 /* Common */,
				54399A302A8491220088B081 /* Data */,
				54399A312A84912B0088B081 /* Resources */,
				54399A322A8491330088B081 /* View Models */,
				54399A332A84913C0088B081 /* Views */,
				54F7B9F32A847CD6004DFB5F /* Info.plist */,
			);
			path = ProjectTemplate;
			sourceTree = "<group>";
		};
		54F7B9FB2A847CD7004DFB5F /* ProjectTemplateTests */ = {
			isa = PBXGroup;
			children = (
				54F7B9FC2A847CD7004DFB5F /* ProjectTemplateTests.swift */,
			);
			path = ProjectTemplateTests;
			sourceTree = "<group>";
		};
		54F7BA052A847CD7004DFB5F /* ProjectTemplateUITests */ = {
			isa = PBXGroup;
			children = (
				54F7BA062A847CD7004DFB5F /* ProjectTemplateUITests.swift */,
				54F7BA082A847CD7004DFB5F /* ProjectTemplateUITestsLaunchTests.swift */,
			);
			path = ProjectTemplateUITests;
			sourceTree = "<group>";
		};
		FD4EBF922EBEBD0C0479B8F2 /* Pods */ = {
			isa = PBXGroup;
			children = (
				57C90EF39CC7F5F636C1B95B /* Pods-ProjectTemplate.debug.xcconfig */,
				F69005CB5831C307E5519691 /* Pods-ProjectTemplate.release.xcconfig */,
				BC0D413EFF8369E01E9E26FD /* Pods-ProjectTemplate-ProjectTemplateUITests.debug.xcconfig */,
				EA36DCD30978C06511C00788 /* Pods-ProjectTemplate-ProjectTemplateUITests.release.xcconfig */,
				5BC5DA3FF9302FE7F2C4F440 /* Pods-ProjectTemplateTests.debug.xcconfig */,
				3825A22736A574BEF88A0FDF /* Pods-ProjectTemplateTests.release.xcconfig */,
			);
			path = Pods;
			sourceTree = "<group>";
		};
/* End PBXGroup section */

/* Begin PBXNativeTarget section */
		54F7B9E12A847CD5004DFB5F /* ProjectTemplate */ = {
			isa = PBXNativeTarget;
			buildConfigurationList = 54F7BA0C2A847CD7004DFB5F /* Build configuration list for PBXNativeTarget "ProjectTemplate" */;
			buildPhases = (
				69359641776AE8A62B86B70A /* [CP] Check Pods Manifest.lock */,
				54F7B9DE2A847CD5004DFB5F /* Sources */,
				54F7B9DF2A847CD5004DFB5F /* Frameworks */,
				54F7B9E02A847CD5004DFB5F /* Resources */,
				C8BC89F6CFD51ED7AD89FA79 /* [CP] Embed Pods Frameworks */,
			);
			buildRules = (
			);
			dependencies = (
			);
			name = ProjectTemplate;
			productName = ProjectTemplate;
			productReference = 54F7B9E22A847CD5004DFB5F /* ProjectTemplate.app */;
			productType = "com.apple.product-type.application";
		};
		54F7B9F72A847CD7004DFB5F /* ProjectTemplateTests */ = {
			isa = PBXNativeTarget;
			buildConfigurationList = 54F7BA0F2A847CD7004DFB5F /* Build configuration list for PBXNativeTarget "ProjectTemplateTests" */;
			buildPhases = (
				1C87B9F7657FFC165A5C1C2B /* [CP] Check Pods Manifest.lock */,
				54F7B9F42A847CD7004DFB5F /* Sources */,
				54F7B9F52A847CD7004DFB5F /* Frameworks */,
				54F7B9F62A847CD7004DFB5F /* Resources */,
			);
			buildRules = (
			);
			dependencies = (
				54F7B9FA2A847CD7004DFB5F /* PBXTargetDependency */,
			);
			name = ProjectTemplateTests;
			productName = ProjectTemplateTests;
			productReference = 54F7B9F82A847CD7004DFB5F /* ProjectTemplateTests.xctest */;
			productType = "com.apple.product-type.bundle.unit-test";
		};
		54F7BA012A847CD7004DFB5F /* ProjectTemplateUITests */ = {
			isa = PBXNativeTarget;
			buildConfigurationList = 54F7BA122A847CD7004DFB5F /* Build configuration list for PBXNativeTarget "ProjectTemplateUITests" */;
			buildPhases = (
				00C80D27703E9B6C0C01C41E /* [CP] Check Pods Manifest.lock */,
				54F7B9FE2A847CD7004DFB5F /* Sources */,
				54F7B9FF2A847CD7004DFB5F /* Frameworks */,
				54F7BA002A847CD7004DFB5F /* Resources */,
				1199193697A033036715608E /* [CP] Embed Pods Frameworks */,
			);
			buildRules = (
			);
			dependencies = (
				54F7BA042A847CD7004DFB5F /* PBXTargetDependency */,
			);
			name = ProjectTemplateUITests;
			productName = ProjectTemplateUITests;
			productReference = 54F7BA022A847CD7004DFB5F /* ProjectTemplateUITests.xctest */;
			productType = "com.apple.product-type.bundle.ui-testing";
		};
/* End PBXNativeTarget section */

/* Begin PBXProject section */
		54F7B9DA2A847CD5004DFB5F /* Project object */ = {
			isa = PBXProject;
			attributes = {
				BuildIndependentTargetsInParallel = 1;
				LastSwiftUpdateCheck = 1430;
				LastUpgradeCheck = 1430;
				TargetAttributes = {
					54F7B9E12A847CD5004DFB5F = {
						CreatedOnToolsVersion = 14.3.1;
					};
					54F7B9F72A847CD7004DFB5F = {
						CreatedOnToolsVersion = 14.3.1;
						TestTargetID = 54F7B9E12A847CD5004DFB5F;
					};
					54F7BA012A847CD7004DFB5F = {
						CreatedOnToolsVersion = 14.3.1;
						TestTargetID = 54F7B9E12A847CD5004DFB5F;
					};
				};
			};
			buildConfigurationList = 54F7B9DD2A847CD5004DFB5F /* Build configuration list for PBXProject "ProjectTemplate" */;
			compatibilityVersion = "Xcode 14.0";
			developmentRegion = en;
			hasScannedForEncodings = 0;
			knownRegions = (
				en,
				Base,
			);
			mainGroup = 54F7B9D92A847CD5004DFB5F;
			productRefGroup = 54F7B9E32A847CD5004DFB5F /* Products */;
			projectDirPath = "";
			projectRoot = "";
			targets = (
				54F7B9E12A847CD5004DFB5F /* ProjectTemplate */,
				54F7B9F72A847CD7004DFB5F /* ProjectTemplateTests */,
				54F7BA012A847CD7004DFB5F /* ProjectTemplateUITests */,
			);
		};
/* End PBXProject section */

/* Begin PBXResourcesBuildPhase section */
		54F7B9E02A847CD5004DFB5F /* Resources */ = {
			isa = PBXResourcesBuildPhase;
			buildActionMask = 2147483647;
			files = (
				54BB16D42A85D0FF00472412 /* Montserrat-Thin.ttf in Resources */,
				54BB16D82A85D0FF00472412 /* Montserrat-Black.ttf in Resources */,
				54F7B9F22A847CD6004DFB5F /* LaunchScreen.storyboard in Resources */,
				54BB16DA2A85D0FF00472412 /* Montserrat-Italic.ttf in Resources */,
				54BB16D92A85D0FF00472412 /* Montserrat-Regular.ttf in Resources */,
				5484A8672A84C4B900BEAEE5 /* SnackbarView.xib in Resources */,
				54F7B9EF2A847CD6004DFB5F /* Assets.xcassets in Resources */,
				54BB16D12A85D0FF00472412 /* Montserrat-Medium.ttf in Resources */,
				54BB16D32A85D0FF00472412 /* Montserrat-ExtraLight.ttf in Resources */,
				54BB16D62A85D0FF00472412 /* Montserrat-SemiBold.ttf in Resources */,
				54BB16DC2A85D18800472412 /* Monochrome.xcassets in Resources */,
				54BB16D22A85D0FF00472412 /* Montserrat-Light.ttf in Resources */,
				54BB16D72A85D0FF00472412 /* Montserrat-ExtraBold.ttf in Resources */,
				54F7B9ED2A847CD5004DFB5F /* Main.storyboard in Resources */,
				54F62B582A89C0630011EF18 /* MainController.xib in Resources */,
				54290A952A84D8D9002168C6 /* EmptyView.xib in Resources */,
				54BB16D52A85D0FF00472412 /* Montserrat-Bold.ttf in Resources */,
				54290A902A84D89B002168C6 /* LoadingView.xib in Resources */,
			);
			runOnlyForDeploymentPostprocessing = 0;
		};
		54F7B9F62A847CD7004DFB5F /* Resources */ = {
			isa = PBXResourcesBuildPhase;
			buildActionMask = 2147483647;
			files = (
			);
			runOnlyForDeploymentPostprocessing = 0;
		};
		54F7BA002A847CD7004DFB5F /* Resources */ = {
			isa = PBXResourcesBuildPhase;
			buildActionMask = 2147483647;
			files = (
			);
			runOnlyForDeploymentPostprocessing = 0;
		};
/* End PBXResourcesBuildPhase section */

/* Begin PBXShellScriptBuildPhase section */
		00C80D27703E9B6C0C01C41E /* [CP] Check Pods Manifest.lock */ = {
			isa = PBXShellScriptBuildPhase;
			buildActionMask = 2147483647;
			files = (
			);
			inputFileListPaths = (
			);
			inputPaths = (
				"${PODS_PODFILE_DIR_PATH}/Podfile.lock",
				"${PODS_ROOT}/Manifest.lock",
			);
			name = "[CP] Check Pods Manifest.lock";
			outputFileListPaths = (
			);
			outputPaths = (
				"$(DERIVED_FILE_DIR)/Pods-ProjectTemplate-ProjectTemplateUITests-checkManifestLockResult.txt",
			);
			runOnlyForDeploymentPostprocessing = 0;
			shellPath = /bin/sh;
			shellScript = "diff \"${PODS_PODFILE_DIR_PATH}/Podfile.lock\" \"${PODS_ROOT}/Manifest.lock\" > /dev/null\nif [ $? != 0 ] ; then\n    # print error to STDERR\n    echo \"error: The sandbox is not in sync with the Podfile.lock. Run 'pod install' or update your CocoaPods installation.\" >&2\n    exit 1\nfi\n# This output is used by Xcode 'outputs' to avoid re-running this script phase.\necho \"SUCCESS\" > \"${SCRIPT_OUTPUT_FILE_0}\"\n";
			showEnvVarsInLog = 0;
		};
		1199193697A033036715608E /* [CP] Embed Pods Frameworks */ = {
			isa = PBXShellScriptBuildPhase;
			buildActionMask = 2147483647;
			files = (
			);
			inputFileListPaths = (
				"${PODS_ROOT}/Target Support Files/Pods-ProjectTemplate-ProjectTemplateUITests/Pods-ProjectTemplate-ProjectTemplateUITests-frameworks-${CONFIGURATION}-input-files.xcfilelist",
			);
			name = "[CP] Embed Pods Frameworks";
			outputFileListPaths = (
				"${PODS_ROOT}/Target Support Files/Pods-ProjectTemplate-ProjectTemplateUITests/Pods-ProjectTemplate-ProjectTemplateUITests-frameworks-${CONFIGURATION}-output-files.xcfilelist",
			);
			runOnlyForDeploymentPostprocessing = 0;
			shellPath = /bin/sh;
			shellScript = "\"${PODS_ROOT}/Target Support Files/Pods-ProjectTemplate-ProjectTemplateUITests/Pods-ProjectTemplate-ProjectTemplateUITests-frameworks.sh\"\n";
			showEnvVarsInLog = 0;
		};
		1C87B9F7657FFC165A5C1C2B /* [CP] Check Pods Manifest.lock */ = {
			isa = PBXShellScriptBuildPhase;
			buildActionMask = 2147483647;
			files = (
			);
			inputFileListPaths = (
			);
			inputPaths = (
				"${PODS_PODFILE_DIR_PATH}/Podfile.lock",
				"${PODS_ROOT}/Manifest.lock",
			);
			name = "[CP] Check Pods Manifest.lock";
			outputFileListPaths = (
			);
			outputPaths = (
				"$(DERIVED_FILE_DIR)/Pods-ProjectTemplateTests-checkManifestLockResult.txt",
			);
			runOnlyForDeploymentPostprocessing = 0;
			shellPath = /bin/sh;
			shellScript = "diff \"${PODS_PODFILE_DIR_PATH}/Podfile.lock\" \"${PODS_ROOT}/Manifest.lock\" > /dev/null\nif [ $? != 0 ] ; then\n    # print error to STDERR\n    echo \"error: The sandbox is not in sync with the Podfile.lock. Run 'pod install' or update your CocoaPods installation.\" >&2\n    exit 1\nfi\n# This output is used by Xcode 'outputs' to avoid re-running this script phase.\necho \"SUCCESS\" > \"${SCRIPT_OUTPUT_FILE_0}\"\n";
			showEnvVarsInLog = 0;
		};
		69359641776AE8A62B86B70A /* [CP] Check Pods Manifest.lock */ = {
			isa = PBXShellScriptBuildPhase;
			buildActionMask = 2147483647;
			files = (
			);
			inputFileListPaths = (
			);
			inputPaths = (
				"${PODS_PODFILE_DIR_PATH}/Podfile.lock",
				"${PODS_ROOT}/Manifest.lock",
			);
			name = "[CP] Check Pods Manifest.lock";
			outputFileListPaths = (
			);
			outputPaths = (
				"$(DERIVED_FILE_DIR)/Pods-ProjectTemplate-checkManifestLockResult.txt",
			);
			runOnlyForDeploymentPostprocessing = 0;
			shellPath = /bin/sh;
			shellScript = "diff \"${PODS_PODFILE_DIR_PATH}/Podfile.lock\" \"${PODS_ROOT}/Manifest.lock\" > /dev/null\nif [ $? != 0 ] ; then\n    # print error to STDERR\n    echo \"error: The sandbox is not in sync with the Podfile.lock. Run 'pod install' or update your CocoaPods installation.\" >&2\n    exit 1\nfi\n# This output is used by Xcode 'outputs' to avoid re-running this script phase.\necho \"SUCCESS\" > \"${SCRIPT_OUTPUT_FILE_0}\"\n";
			showEnvVarsInLog = 0;
		};
		C8BC89F6CFD51ED7AD89FA79 /* [CP] Embed Pods Frameworks */ = {
			isa = PBXShellScriptBuildPhase;
			buildActionMask = 2147483647;
			files = (
			);
			inputFileListPaths = (
				"${PODS_ROOT}/Target Support Files/Pods-ProjectTemplate/Pods-ProjectTemplate-frameworks-${CONFIGURATION}-input-files.xcfilelist",
			);
			name = "[CP] Embed Pods Frameworks";
			outputFileListPaths = (
				"${PODS_ROOT}/Target Support Files/Pods-ProjectTemplate/Pods-ProjectTemplate-frameworks-${CONFIGURATION}-output-files.xcfilelist",
			);
			runOnlyForDeploymentPostprocessing = 0;
			shellPath = /bin/sh;
			shellScript = "\"${PODS_ROOT}/Target Support Files/Pods-ProjectTemplate/Pods-ProjectTemplate-frameworks.sh\"\n";
			showEnvVarsInLog = 0;
		};
/* End PBXShellScriptBuildPhase section */

/* Begin PBXSourcesBuildPhase section */
		54F7B9DE2A847CD5004DFB5F /* Sources */ = {
			isa = PBXSourcesBuildPhase;
			buildActionMask = 2147483647;
			files = (
				5484A8432A84A4DB00BEAEE5 /* UIViewController+Helper.swift in Sources */,
				5484A81F2A849E9500BEAEE5 /* ShadowView.swift in Sources */,
				54BB16F22A85ED7800472412 /* Menu.swift in Sources */,
				5484A8272A84A00D00BEAEE5 /* Typeface+Helper.swift in Sources */,
				5484A81D2A849E6400BEAEE5 /* ReloadView.swift in Sources */,
				5484A8502A84BD2F00BEAEE5 /* Pasteboard.swift in Sources */,
				5484A8172A849CA900BEAEE5 /* BaseView.swift in Sources */,
				5484A83D2A84A40900BEAEE5 /* UIView+Helper.swift in Sources */,
				5484A8352A84A37800BEAEE5 /* UIScrollView+Helper.swift in Sources */,
				5484A8542A84BDB000BEAEE5 /* SharingManager.swift in Sources */,
				54BB16E12A85D39300472412 /* BaseController.swift in Sources */,
				54F7B9EA2A847CD5004DFB5F /* ViewController.swift in Sources */,
				5484A8392A84A3D800BEAEE5 /* UITableView+Helper.swift in Sources */,
				5484A85C2A84C19400BEAEE5 /* UIImageUtils.swift in Sources */,
				5484A82D2A84A1A400BEAEE5 /* UICollectionView+Helper.swift in Sources */,
				54290A9F2A84DAC7002168C6 /* Environment.swift in Sources */,
				54F7B9E62A847CD5004DFB5F /* AppDelegate.swift in Sources */,
				5484A8652A84C3FA00BEAEE5 /* TTGSnackbar.swift in Sources */,
				54BB16E52A85D48E00472412 /* NotifCenterManager.swift in Sources */,
				5484A8242A849F5900BEAEE5 /* HeaderLabel.swift in Sources */,
				5484A8462A84BB5400BEAEE5 /* CodeIdentificationHelper.swift in Sources */,
				5484A8582A84BE8A00BEAEE5 /* String+Utilities.swift in Sources */,
				5484A8332A84A2CD00BEAEE5 /* UIImageView+Helper.swift in Sources */,
				5484A8562A84BE5D00BEAEE5 /* String+URLEncode.swift in Sources */,
				54BB16E32A85D40300472412 /* Validator.swift in Sources */,
				54B73BD42A89C4FA00A92B0A /* RootController.swift in Sources */,
				5484A83F2A84A48400BEAEE5 /* UIView+StateHelper.swift in Sources */,
				54B73BD92A89CD1900A92B0A /* Profiles.swift in Sources */,
				5484A85E2A84C1BE00BEAEE5 /* UITextFieldUtilities.swift in Sources */,
				5484A82B2A84A14600BEAEE5 /* UIButton+Helper.swift in Sources */,
				5484A8192A849D3900BEAEE5 /* ContentTextView.swift in Sources */,
				54BB16DE2A85D1A800472412 /* Colors.swift in Sources */,
				54BB16EF2A85E45300472412 /* MainController.swift in Sources */,
				54BB16E92A85D8F900472412 /* BaseNavigationController.swift in Sources */,
				54290A972A84D912002168C6 /* MainButton.swift in Sources */,
				5484A8312A84A1E000BEAEE5 /* UILabel+Helper.swift in Sources */,
				5484A8412A84A4B800BEAEE5 /* UIView+SkeletonViewHelper.swift in Sources */,
				54290A9C2A84D9DB002168C6 /* PrimaryButton.swift in Sources */,
				54290A8E2A84D85E002168C6 /* LoadingView.swift in Sources */,
				54290A9A2A84D9B3002168C6 /* MainActionButton.swift in Sources */,
				54B73BD62A89C57900A92B0A /* UniversalLinkType.swift in Sources */,
				5484A8372A84A3B100BEAEE5 /* UIStackView+Helper.swift in Sources */,
				54F62B5A2A89C2BB0011EF18 /* Device.swift in Sources */,
				54290A8A2A84D80D002168C6 /* UIView+AnimationHelper.swift in Sources */,
				5484A8602A84C1D700BEAEE5 /* TimeZoneUtilities.swift in Sources */,
				54290AA12A84DB23002168C6 /* Date+Utilities.swift in Sources */,
				54BB16E72A85D84B00472412 /* BaseController+Location.swift in Sources */,
				5484A8522A84BD6200BEAEE5 /* Router.swift in Sources */,
				5484A84C2A84BCDF00BEAEE5 /* MediaPicker.swift in Sources */,
				5484A86B2A84C4D600BEAEE5 /* Snackbar.swift in Sources */,
				5484A8482A84BBA200BEAEE5 /* CLLocation+Utilities.swift in Sources */,
				54BB16EB2A85DE8E00472412 /* BaseScrollController.swift in Sources */,
				5484A8212A849F3700BEAEE5 /* InsetLabel.swift in Sources */,
				54F62B562A89BEAC0011EF18 /* MainController+Reachability.swift in Sources */,
				5484A82F2A84A1BD00BEAEE5 /* UIColor+Helper.swift in Sources */,
				5484A8692A84C4CC00BEAEE5 /* SnackbarView.swift in Sources */,
				5484A84A2A84BC2500BEAEE5 /* MapUtils.swift in Sources */,
				5484A84E2A84BD0500BEAEE5 /* NumberUtils.swift in Sources */,
				5484A8622A84C22A00BEAEE5 /* Typeface.swift in Sources */,
				54290A932A84D8BF002168C6 /* EmptyView.swift in Sources */,
				5484A83B2A84A3F900BEAEE5 /* UITextField+Helper.swift in Sources */,
			);
			runOnlyForDeploymentPostprocessing = 0;
		};
		54F7B9F42A847CD7004DFB5F /* Sources */ = {
			isa = PBXSourcesBuildPhase;
			buildActionMask = 2147483647;
			files = (
				54F7B9FD2A847CD7004DFB5F /* ProjectTemplateTests.swift in Sources */,
			);
			runOnlyForDeploymentPostprocessing = 0;
		};
		54F7B9FE2A847CD7004DFB5F /* Sources */ = {
			isa = PBXSourcesBuildPhase;
			buildActionMask = 2147483647;
			files = (
				54F7BA092A847CD7004DFB5F /* ProjectTemplateUITestsLaunchTests.swift in Sources */,
				54F7BA072A847CD7004DFB5F /* ProjectTemplateUITests.swift in Sources */,
			);
			runOnlyForDeploymentPostprocessing = 0;
		};
/* End PBXSourcesBuildPhase section */

/* Begin PBXTargetDependency section */
		54F7B9FA2A847CD7004DFB5F /* PBXTargetDependency */ = {
			isa = PBXTargetDependency;
			target = 54F7B9E12A847CD5004DFB5F /* ProjectTemplate */;
			targetProxy = 54F7B9F92A847CD7004DFB5F /* PBXContainerItemProxy */;
		};
		54F7BA042A847CD7004DFB5F /* PBXTargetDependency */ = {
			isa = PBXTargetDependency;
			target = 54F7B9E12A847CD5004DFB5F /* ProjectTemplate */;
			targetProxy = 54F7BA032A847CD7004DFB5F /* PBXContainerItemProxy */;
		};
/* End PBXTargetDependency section */

/* Begin PBXVariantGroup section */
		54F7B9EB2A847CD5004DFB5F /* Main.storyboard */ = {
			isa = PBXVariantGroup;
			children = (
				54F7B9EC2A847CD5004DFB5F /* Base */,
			);
			name = Main.storyboard;
			sourceTree = "<group>";
		};
		54F7B9F02A847CD6004DFB5F /* LaunchScreen.storyboard */ = {
			isa = PBXVariantGroup;
			children = (
				54F7B9F12A847CD6004DFB5F /* Base */,
			);
			name = LaunchScreen.storyboard;
			sourceTree = "<group>";
		};
/* End PBXVariantGroup section */

/* Begin XCBuildConfiguration section */
		54F7BA0A2A847CD7004DFB5F /* Debug */ = {
			isa = XCBuildConfiguration;
			buildSettings = {
				ALWAYS_SEARCH_USER_PATHS = NO;
				CLANG_ANALYZER_NONNULL = YES;
				CLANG_ANALYZER_NUMBER_OBJECT_CONVERSION = YES_AGGRESSIVE;
				CLANG_CXX_LANGUAGE_STANDARD = "gnu++20";
				CLANG_ENABLE_MODULES = YES;
				CLANG_ENABLE_OBJC_ARC = YES;
				CLANG_ENABLE_OBJC_WEAK = YES;
				CLANG_WARN_BLOCK_CAPTURE_AUTORELEASING = YES;
				CLANG_WARN_BOOL_CONVERSION = YES;
				CLANG_WARN_COMMA = YES;
				CLANG_WARN_CONSTANT_CONVERSION = YES;
				CLANG_WARN_DEPRECATED_OBJC_IMPLEMENTATIONS = YES;
				CLANG_WARN_DIRECT_OBJC_ISA_USAGE = YES_ERROR;
				CLANG_WARN_DOCUMENTATION_COMMENTS = YES;
				CLANG_WARN_EMPTY_BODY = YES;
				CLANG_WARN_ENUM_CONVERSION = YES;
				CLANG_WARN_INFINITE_RECURSION = YES;
				CLANG_WARN_INT_CONVERSION = YES;
				CLANG_WARN_NON_LITERAL_NULL_CONVERSION = YES;
				CLANG_WARN_OBJC_IMPLICIT_RETAIN_SELF = YES;
				CLANG_WARN_OBJC_LITERAL_CONVERSION = YES;
				CLANG_WARN_OBJC_ROOT_CLASS = YES_ERROR;
				CLANG_WARN_QUOTED_INCLUDE_IN_FRAMEWORK_HEADER = YES;
				CLANG_WARN_RANGE_LOOP_ANALYSIS = YES;
				CLANG_WARN_STRICT_PROTOTYPES = YES;
				CLANG_WARN_SUSPICIOUS_MOVE = YES;
				CLANG_WARN_UNGUARDED_AVAILABILITY = YES_AGGRESSIVE;
				CLANG_WARN_UNREACHABLE_CODE = YES;
				CLANG_WARN__DUPLICATE_METHOD_MATCH = YES;
				COPY_PHASE_STRIP = NO;
				DEBUG_INFORMATION_FORMAT = dwarf;
				ENABLE_STRICT_OBJC_MSGSEND = YES;
				ENABLE_TESTABILITY = YES;
				GCC_C_LANGUAGE_STANDARD = gnu11;
				GCC_DYNAMIC_NO_PIC = NO;
				GCC_NO_COMMON_BLOCKS = YES;
				GCC_OPTIMIZATION_LEVEL = 0;
				GCC_PREPROCESSOR_DEFINITIONS = (
					"DEBUG=1",
					"$(inherited)",
				);
				GCC_WARN_64_TO_32_BIT_CONVERSION = YES;
				GCC_WARN_ABOUT_RETURN_TYPE = YES_ERROR;
				GCC_WARN_UNDECLARED_SELECTOR = YES;
				GCC_WARN_UNINITIALIZED_AUTOS = YES_AGGRESSIVE;
				GCC_WARN_UNUSED_FUNCTION = YES;
				GCC_WARN_UNUSED_VARIABLE = YES;
				IPHONEOS_DEPLOYMENT_TARGET = 16.4;
				MTL_ENABLE_DEBUG_INFO = INCLUDE_SOURCE;
				MTL_FAST_MATH = YES;
				ONLY_ACTIVE_ARCH = YES;
				SDKROOT = iphoneos;
				SWIFT_ACTIVE_COMPILATION_CONDITIONS = DEBUG;
				SWIFT_OPTIMIZATION_LEVEL = "-Onone";
			};
			name = Debug;
		};
		54F7BA0B2A847CD7004DFB5F /* Release */ = {
			isa = XCBuildConfiguration;
			buildSettings = {
				ALWAYS_SEARCH_USER_PATHS = NO;
				CLANG_ANALYZER_NONNULL = YES;
				CLANG_ANALYZER_NUMBER_OBJECT_CONVERSION = YES_AGGRESSIVE;
				CLANG_CXX_LANGUAGE_STANDARD = "gnu++20";
				CLANG_ENABLE_MODULES = YES;
				CLANG_ENABLE_OBJC_ARC = YES;
				CLANG_ENABLE_OBJC_WEAK = YES;
				CLANG_WARN_BLOCK_CAPTURE_AUTORELEASING = YES;
				CLANG_WARN_BOOL_CONVERSION = YES;
				CLANG_WARN_COMMA = YES;
				CLANG_WARN_CONSTANT_CONVERSION = YES;
				CLANG_WARN_DEPRECATED_OBJC_IMPLEMENTATIONS = YES;
				CLANG_WARN_DIRECT_OBJC_ISA_USAGE = YES_ERROR;
				CLANG_WARN_DOCUMENTATION_COMMENTS = YES;
				CLANG_WARN_EMPTY_BODY = YES;
				CLANG_WARN_ENUM_CONVERSION = YES;
				CLANG_WARN_INFINITE_RECURSION = YES;
				CLANG_WARN_INT_CONVERSION = YES;
				CLANG_WARN_NON_LITERAL_NULL_CONVERSION = YES;
				CLANG_WARN_OBJC_IMPLICIT_RETAIN_SELF = YES;
				CLANG_WARN_OBJC_LITERAL_CONVERSION = YES;
				CLANG_WARN_OBJC_ROOT_CLASS = YES_ERROR;
				CLANG_WARN_QUOTED_INCLUDE_IN_FRAMEWORK_HEADER = YES;
				CLANG_WARN_RANGE_LOOP_ANALYSIS = YES;
				CLANG_WARN_STRICT_PROTOTYPES = YES;
				CLANG_WARN_SUSPICIOUS_MOVE = YES;
				CLANG_WARN_UNGUARDED_AVAILABILITY = YES_AGGRESSIVE;
				CLANG_WARN_UNREACHABLE_CODE = YES;
				CLANG_WARN__DUPLICATE_METHOD_MATCH = YES;
				COPY_PHASE_STRIP = NO;
				DEBUG_INFORMATION_FORMAT = "dwarf-with-dsym";
				ENABLE_NS_ASSERTIONS = NO;
				ENABLE_STRICT_OBJC_MSGSEND = YES;
				GCC_C_LANGUAGE_STANDARD = gnu11;
				GCC_NO_COMMON_BLOCKS = YES;
				GCC_WARN_64_TO_32_BIT_CONVERSION = YES;
				GCC_WARN_ABOUT_RETURN_TYPE = YES_ERROR;
				GCC_WARN_UNDECLARED_SELECTOR = YES;
				GCC_WARN_UNINITIALIZED_AUTOS = YES_AGGRESSIVE;
				GCC_WARN_UNUSED_FUNCTION = YES;
				GCC_WARN_UNUSED_VARIABLE = YES;
				IPHONEOS_DEPLOYMENT_TARGET = 16.4;
				MTL_ENABLE_DEBUG_INFO = NO;
				MTL_FAST_MATH = YES;
				SDKROOT = iphoneos;
				SWIFT_COMPILATION_MODE = wholemodule;
				SWIFT_OPTIMIZATION_LEVEL = "-O";
				VALIDATE_PRODUCT = YES;
			};
			name = Release;
		};
		54F7BA0D2A847CD7004DFB5F /* Debug */ = {
			isa = XCBuildConfiguration;
			baseConfigurationReference = 57C90EF39CC7F5F636C1B95B /* Pods-ProjectTemplate.debug.xcconfig */;
			buildSettings = {
				ASSETCATALOG_COMPILER_APPICON_NAME = AppIcon;
				ASSETCATALOG_COMPILER_GLOBAL_ACCENT_COLOR_NAME = AccentColor;
				CODE_SIGN_STYLE = Automatic;
				CURRENT_PROJECT_VERSION = 1;
				DEVELOPMENT_TEAM = MGKUJRGM26;
				GENERATE_INFOPLIST_FILE = YES;
				INFOPLIST_FILE = ProjectTemplate/Info.plist;
				INFOPLIST_KEY_UIApplicationSupportsIndirectInputEvents = YES;
				INFOPLIST_KEY_UILaunchStoryboardName = LaunchScreen;
				INFOPLIST_KEY_UIMainStoryboardFile = Main;
				INFOPLIST_KEY_UISupportedInterfaceOrientations_iPad = "UIInterfaceOrientationPortrait UIInterfaceOrientationPortraitUpsideDown UIInterfaceOrientationLandscapeLeft UIInterfaceOrientationLandscapeRight";
				INFOPLIST_KEY_UISupportedInterfaceOrientations_iPhone = "UIInterfaceOrientationPortrait UIInterfaceOrientationLandscapeLeft UIInterfaceOrientationLandscapeRight";
				IPHONEOS_DEPLOYMENT_TARGET = 13.0;
				LD_RUNPATH_SEARCH_PATHS = (
					"$(inherited)",
					"@executable_path/Frameworks",
				);
				MARKETING_VERSION = 1.0;
				PRODUCT_BUNDLE_IDENTIFIER = com.mauldyputra.ProjectTemplate;
				PRODUCT_NAME = "$(TARGET_NAME)";
				SWIFT_EMIT_LOC_STRINGS = YES;
				SWIFT_VERSION = 5.0;
				TARGETED_DEVICE_FAMILY = "1,2";
			};
			name = Debug;
		};
		54F7BA0E2A847CD7004DFB5F /* Release */ = {
			isa = XCBuildConfiguration;
			baseConfigurationReference = F69005CB5831C307E5519691 /* Pods-ProjectTemplate.release.xcconfig */;
			buildSettings = {
				ASSETCATALOG_COMPILER_APPICON_NAME = AppIcon;
				ASSETCATALOG_COMPILER_GLOBAL_ACCENT_COLOR_NAME = AccentColor;
				CODE_SIGN_STYLE = Automatic;
				CURRENT_PROJECT_VERSION = 1;
				DEVELOPMENT_TEAM = MGKUJRGM26;
				GENERATE_INFOPLIST_FILE = YES;
				INFOPLIST_FILE = ProjectTemplate/Info.plist;
				INFOPLIST_KEY_UIApplicationSupportsIndirectInputEvents = YES;
				INFOPLIST_KEY_UILaunchStoryboardName = LaunchScreen;
				INFOPLIST_KEY_UIMainStoryboardFile = Main;
				INFOPLIST_KEY_UISupportedInterfaceOrientations_iPad = "UIInterfaceOrientationPortrait UIInterfaceOrientationPortraitUpsideDown UIInterfaceOrientationLandscapeLeft UIInterfaceOrientationLandscapeRight";
				INFOPLIST_KEY_UISupportedInterfaceOrientations_iPhone = "UIInterfaceOrientationPortrait UIInterfaceOrientationLandscapeLeft UIInterfaceOrientationLandscapeRight";
				IPHONEOS_DEPLOYMENT_TARGET = 13.0;
				LD_RUNPATH_SEARCH_PATHS = (
					"$(inherited)",
					"@executable_path/Frameworks",
				);
				MARKETING_VERSION = 1.0;
				PRODUCT_BUNDLE_IDENTIFIER = com.mauldyputra.ProjectTemplate;
				PRODUCT_NAME = "$(TARGET_NAME)";
				SWIFT_EMIT_LOC_STRINGS = YES;
				SWIFT_VERSION = 5.0;
				TARGETED_DEVICE_FAMILY = "1,2";
			};
			name = Release;
		};
		54F7BA102A847CD7004DFB5F /* Debug */ = {
			isa = XCBuildConfiguration;
			baseConfigurationReference = 5BC5DA3FF9302FE7F2C4F440 /* Pods-ProjectTemplateTests.debug.xcconfig */;
			buildSettings = {
				ALWAYS_EMBED_SWIFT_STANDARD_LIBRARIES = YES;
				BUNDLE_LOADER = "$(TEST_HOST)";
				CODE_SIGN_STYLE = Automatic;
				CURRENT_PROJECT_VERSION = 1;
				DEVELOPMENT_TEAM = MGKUJRGM26;
				GENERATE_INFOPLIST_FILE = YES;
				IPHONEOS_DEPLOYMENT_TARGET = 16.4;
				MARKETING_VERSION = 1.0;
				PRODUCT_BUNDLE_IDENTIFIER = com.mauldyputra.ProjectTemplateTests;
				PRODUCT_NAME = "$(TARGET_NAME)";
				SWIFT_EMIT_LOC_STRINGS = NO;
				SWIFT_VERSION = 5.0;
				TARGETED_DEVICE_FAMILY = "1,2";
				TEST_HOST = "$(BUILT_PRODUCTS_DIR)/ProjectTemplate.app/$(BUNDLE_EXECUTABLE_FOLDER_PATH)/ProjectTemplate";
			};
			name = Debug;
		};
		54F7BA112A847CD7004DFB5F /* Release */ = {
			isa = XCBuildConfiguration;
			baseConfigurationReference = 3825A22736A574BEF88A0FDF /* Pods-ProjectTemplateTests.release.xcconfig */;
			buildSettings = {
				ALWAYS_EMBED_SWIFT_STANDARD_LIBRARIES = YES;
				BUNDLE_LOADER = "$(TEST_HOST)";
				CODE_SIGN_STYLE = Automatic;
				CURRENT_PROJECT_VERSION = 1;
				DEVELOPMENT_TEAM = MGKUJRGM26;
				GENERATE_INFOPLIST_FILE = YES;
				IPHONEOS_DEPLOYMENT_TARGET = 16.4;
				MARKETING_VERSION = 1.0;
				PRODUCT_BUNDLE_IDENTIFIER = com.mauldyputra.ProjectTemplateTests;
				PRODUCT_NAME = "$(TARGET_NAME)";
				SWIFT_EMIT_LOC_STRINGS = NO;
				SWIFT_VERSION = 5.0;
				TARGETED_DEVICE_FAMILY = "1,2";
				TEST_HOST = "$(BUILT_PRODUCTS_DIR)/ProjectTemplate.app/$(BUNDLE_EXECUTABLE_FOLDER_PATH)/ProjectTemplate";
			};
			name = Release;
		};
		54F7BA132A847CD7004DFB5F /* Debug */ = {
			isa = XCBuildConfiguration;
			baseConfigurationReference = BC0D413EFF8369E01E9E26FD /* Pods-ProjectTemplate-ProjectTemplateUITests.debug.xcconfig */;
			buildSettings = {
				ALWAYS_EMBED_SWIFT_STANDARD_LIBRARIES = YES;
				CODE_SIGN_STYLE = Automatic;
				CURRENT_PROJECT_VERSION = 1;
				DEVELOPMENT_TEAM = MGKUJRGM26;
				GENERATE_INFOPLIST_FILE = YES;
				MARKETING_VERSION = 1.0;
				PRODUCT_BUNDLE_IDENTIFIER = com.mauldyputra.ProjectTemplateUITests;
				PRODUCT_NAME = "$(TARGET_NAME)";
				SWIFT_EMIT_LOC_STRINGS = NO;
				SWIFT_VERSION = 5.0;
				TARGETED_DEVICE_FAMILY = "1,2";
				TEST_TARGET_NAME = ProjectTemplate;
			};
			name = Debug;
		};
		54F7BA142A847CD7004DFB5F /* Release */ = {
			isa = XCBuildConfiguration;
			baseConfigurationReference = EA36DCD30978C06511C00788 /* Pods-ProjectTemplate-ProjectTemplateUITests.release.xcconfig */;
			buildSettings = {
				ALWAYS_EMBED_SWIFT_STANDARD_LIBRARIES = YES;
				CODE_SIGN_STYLE = Automatic;
				CURRENT_PROJECT_VERSION = 1;
				DEVELOPMENT_TEAM = MGKUJRGM26;
				GENERATE_INFOPLIST_FILE = YES;
				MARKETING_VERSION = 1.0;
				PRODUCT_BUNDLE_IDENTIFIER = com.mauldyputra.ProjectTemplateUITests;
				PRODUCT_NAME = "$(TARGET_NAME)";
				SWIFT_EMIT_LOC_STRINGS = NO;
				SWIFT_VERSION = 5.0;
				TARGETED_DEVICE_FAMILY = "1,2";
				TEST_TARGET_NAME = ProjectTemplate;
			};
			name = Release;
		};
/* End XCBuildConfiguration section */

/* Begin XCConfigurationList section */
		54F7B9DD2A847CD5004DFB5F /* Build configuration list for PBXProject "ProjectTemplate" */ = {
			isa = XCConfigurationList;
			buildConfigurations = (
				54F7BA0A2A847CD7004DFB5F /* Debug */,
				54F7BA0B2A847CD7004DFB5F /* Release */,
			);
			defaultConfigurationIsVisible = 0;
			defaultConfigurationName = Release;
		};
		54F7BA0C2A847CD7004DFB5F /* Build configuration list for PBXNativeTarget "ProjectTemplate" */ = {
			isa = XCConfigurationList;
			buildConfigurations = (
				54F7BA0D2A847CD7004DFB5F /* Debug */,
				54F7BA0E2A847CD7004DFB5F /* Release */,
			);
			defaultConfigurationIsVisible = 0;
			defaultConfigurationName = Release;
		};
		54F7BA0F2A847CD7004DFB5F /* Build configuration list for PBXNativeTarget "ProjectTemplateTests" */ = {
			isa = XCConfigurationList;
			buildConfigurations = (
				54F7BA102A847CD7004DFB5F /* Debug */,
				54F7BA112A847CD7004DFB5F /* Release */,
			);
			defaultConfigurationIsVisible = 0;
			defaultConfigurationName = Release;
		};
		54F7BA122A847CD7004DFB5F /* Build configuration list for PBXNativeTarget "ProjectTemplateUITests" */ = {
			isa = XCConfigurationList;
			buildConfigurations = (
				54F7BA132A847CD7004DFB5F /* Debug */,
				54F7BA142A847CD7004DFB5F /* Release */,
			);
			defaultConfigurationIsVisible = 0;
			defaultConfigurationName = Release;
		};
/* End XCConfigurationList section */
	};
	rootObject = 54F7B9DA2A847CD5004DFB5F /* Project object */;
}
